{
  "version": 4,
  "terraform_version": "1.4.6",
  "serial": 1,
  "lineage": "f831c6b1-2530-2fa2-2d03-24050b123594",
  "outputs": {},
  "resources": [
    {
      "mode": "managed",
      "type": "azurerm_bastion_host",
      "name": "res-8",
      "provider": "provider[\"registry.terraform.io/hashicorp/azurerm\"]",
      "instances": [
        {
          "schema_version": 0,
          "attributes": {
            "copy_paste_enabled": true,
            "dns_name": "bst-b0d1a2f4-c8d6-41cc-8432-343d8a5684c2.bastion.azure.com",
            "file_copy_enabled": false,
            "id": "/subscriptions/08af9d7a-c4a4-4858-827f-2a27ef8b6245/resourceGroups/rg-hub-spoke/providers/Microsoft.Network/bastionHosts/bst-hub",
            "ip_configuration": [
              {
                "name": "IpConf",
                "public_ip_address_id": "/subscriptions/08af9d7a-c4a4-4858-827f-2a27ef8b6245/resourceGroups/rg-hub-spoke/providers/Microsoft.Network/publicIPAddresses/vnet-hub-001-ip",
                "subnet_id": "/subscriptions/08af9d7a-c4a4-4858-827f-2a27ef8b6245/resourceGroups/rg-hub-spoke/providers/Microsoft.Network/virtualNetworks/vnet-hub-001/subnets/AzureBastionSubnet"
              }
            ],
            "ip_connect_enabled": false,
            "location": "westeurope",
            "name": "bst-hub",
            "resource_group_name": "rg-hub-spoke",
            "scale_units": 2,
            "shareable_link_enabled": false,
            "sku": "Standard",
            "tags": {},
            "timeouts": {
              "create": null,
              "delete": null,
              "read": null,
              "update": null
            },
            "tunneling_enabled": false
          },
          "sensitive_attributes": [],
          "private": "eyJlMmJmYjczMC1lY2FhLTExZTYtOGY4OC0zNDM2M2JjN2M0YzAiOnsiY3JlYXRlIjoxODAwMDAwMDAwMDAwLCJkZWxldGUiOjE4MDAwMDAwMDAwMDAsInJlYWQiOjMwMDAwMDAwMDAwMCwidXBkYXRlIjoxODAwMDAwMDAwMDAwfSwic2NoZW1hX3ZlcnNpb24iOiIwIn0="
        }
      ]
    },
    {
      "mode": "managed",
      "type": "azurerm_linux_virtual_machine",
      "name": "res-5",
      "provider": "provider[\"registry.terraform.io/hashicorp/azurerm\"]",
      "instances": [
        {
          "schema_version": 0,
          "attributes": {
            "additional_capabilities": [],
            "admin_password": "ignored-as-imported",
            "admin_ssh_key": [],
            "admin_username": "azureuser",
            "allow_extension_operations": true,
            "availability_set_id": "",
            "boot_diagnostics": [
              {
                "storage_account_uri": ""
              }
            ],
            "capacity_reservation_group_id": "",
            "computer_name": "client-vm-spoke-northeu",
            "custom_data": null,
            "dedicated_host_group_id": "",
            "dedicated_host_id": "",
            "disable_password_authentication": false,
            "edge_zone": "",
            "encryption_at_host_enabled": false,
            "eviction_policy": "",
            "extensions_time_budget": "PT1H30M",
            "gallery_application": [],
            "id": "/subscriptions/08af9d7a-c4a4-4858-827f-2a27ef8b6245/resourceGroups/rg-hub-spoke/providers/Microsoft.Compute/virtualMachines/client-vm-spoke-northeu",
            "identity": [],
            "license_type": "",
            "location": "northeurope",
            "max_bid_price": -1,
            "name": "client-vm-spoke-northeu",
            "network_interface_ids": [
              "/subscriptions/08af9d7a-c4a4-4858-827f-2a27ef8b6245/resourceGroups/rg-hub-spoke/providers/Microsoft.Network/networkInterfaces/client-vm-spoke-northeu33_z1"
            ],
            "os_disk": [
              {
                "caching": "ReadWrite",
                "diff_disk_settings": [],
                "disk_encryption_set_id": "",
                "disk_size_gb": 30,
                "name": "client-vm-spoke-northeu_OsDisk_1_1b672174a0694cae9b4d33d036f05ba5",
                "secure_vm_disk_encryption_set_id": "",
                "security_encryption_type": "",
                "storage_account_type": "Standard_LRS",
                "write_accelerator_enabled": false
              }
            ],
            "patch_assessment_mode": "ImageDefault",
            "patch_mode": "ImageDefault",
            "plan": [],
            "platform_fault_domain": -1,
            "priority": "Regular",
            "private_ip_address": "10.10.0.4",
            "private_ip_addresses": [
              "10.10.0.4"
            ],
            "provision_vm_agent": true,
            "proximity_placement_group_id": "",
            "public_ip_address": "",
            "public_ip_addresses": [],
            "resource_group_name": "rg-hub-spoke",
            "secret": [],
            "secure_boot_enabled": false,
            "size": "Standard_B1ls",
            "source_image_id": "",
            "source_image_reference": [
              {
                "offer": "0001-com-ubuntu-server-focal",
                "publisher": "canonical",
                "sku": "20_04-lts-gen2",
                "version": "latest"
              }
            ],
            "tags": {},
            "termination_notification": [],
            "timeouts": {
              "create": null,
              "delete": null,
              "read": null,
              "update": null
            },
            "user_data": "",
            "virtual_machine_id": "fa9b1b8d-d1e1-4e6b-92f9-086afad05b56",
            "virtual_machine_scale_set_id": "",
            "vtpm_enabled": false,
            "zone": "1"
          },
          "sensitive_attributes": [],
          "private": "eyJlMmJmYjczMC1lY2FhLTExZTYtOGY4OC0zNDM2M2JjN2M0YzAiOnsiY3JlYXRlIjoyNzAwMDAwMDAwMDAwLCJkZWxldGUiOjI3MDAwMDAwMDAwMDAsInJlYWQiOjMwMDAwMDAwMDAwMCwidXBkYXRlIjoyNzAwMDAwMDAwMDAwfSwic2NoZW1hX3ZlcnNpb24iOiIwIn0="
        }
      ]
    },
    {
      "mode": "managed",
      "type": "azurerm_linux_virtual_machine",
      "name": "res-6",
      "provider": "provider[\"registry.terraform.io/hashicorp/azurerm\"]",
      "instances": [
        {
          "schema_version": 0,
          "attributes": {
            "additional_capabilities": [],
            "admin_password": "ignored-as-imported",
            "admin_ssh_key": [],
            "admin_username": "azureuser",
            "allow_extension_operations": true,
            "availability_set_id": "",
            "boot_diagnostics": [
              {
                "storage_account_uri": ""
              }
            ],
            "capacity_reservation_group_id": "",
            "computer_name": "client-vm-westeu",
            "custom_data": null,
            "dedicated_host_group_id": "",
            "dedicated_host_id": "",
            "disable_password_authentication": false,
            "edge_zone": "",
            "encryption_at_host_enabled": false,
            "eviction_policy": "",
            "extensions_time_budget": "PT1H30M",
            "gallery_application": [],
            "id": "/subscriptions/08af9d7a-c4a4-4858-827f-2a27ef8b6245/resourceGroups/rg-hub-spoke/providers/Microsoft.Compute/virtualMachines/client-vm-westeu",
            "identity": [],
            "license_type": "",
            "location": "westeurope",
            "max_bid_price": -1,
            "name": "client-vm-westeu",
            "network_interface_ids": [
              "/subscriptions/08af9d7a-c4a4-4858-827f-2a27ef8b6245/resourceGroups/rg-hub-spoke/providers/Microsoft.Network/networkInterfaces/client-vm-westeu116_z1"
            ],
            "os_disk": [
              {
                "caching": "ReadWrite",
                "diff_disk_settings": [],
                "disk_encryption_set_id": "",
                "disk_size_gb": 30,
                "name": "client-vm-westeu_OsDisk_1_4c85127ac624453f997cb5eff17b6450",
                "secure_vm_disk_encryption_set_id": "",
                "security_encryption_type": "",
                "storage_account_type": "Standard_LRS",
                "write_accelerator_enabled": false
              }
            ],
            "patch_assessment_mode": "ImageDefault",
            "patch_mode": "ImageDefault",
            "plan": [],
            "platform_fault_domain": -1,
            "priority": "Regular",
            "private_ip_address": "10.20.0.4",
            "private_ip_addresses": [
              "10.20.0.4"
            ],
            "provision_vm_agent": true,
            "proximity_placement_group_id": "",
            "public_ip_address": "",
            "public_ip_addresses": [],
            "resource_group_name": "rg-hub-spoke",
            "secret": [],
            "secure_boot_enabled": false,
            "size": "Standard_B1ls",
            "source_image_id": "",
            "source_image_reference": [
              {
                "offer": "0001-com-ubuntu-server-focal",
                "publisher": "canonical",
                "sku": "20_04-lts-gen2",
                "version": "latest"
              }
            ],
            "tags": {},
            "termination_notification": [],
            "timeouts": {
              "create": null,
              "delete": null,
              "read": null,
              "update": null
            },
            "user_data": "",
            "virtual_machine_id": "b906fdf5-c404-4c05-b0f1-b9485f953a92",
            "virtual_machine_scale_set_id": "",
            "vtpm_enabled": false,
            "zone": "1"
          },
          "sensitive_attributes": [],
          "private": "eyJlMmJmYjczMC1lY2FhLTExZTYtOGY4OC0zNDM2M2JjN2M0YzAiOnsiY3JlYXRlIjoyNzAwMDAwMDAwMDAwLCJkZWxldGUiOjI3MDAwMDAwMDAwMDAsInJlYWQiOjMwMDAwMDAwMDAwMCwidXBkYXRlIjoyNzAwMDAwMDAwMDAwfSwic2NoZW1hX3ZlcnNpb24iOiIwIn0="
        }
      ]
    },
    {
      "mode": "managed",
      "type": "azurerm_mssql_database",
      "name": "res-71",
      "provider": "provider[\"registry.terraform.io/hashicorp/azurerm\"]",
      "instances": [
        {
          "schema_version": 1,
          "attributes": {
            "auto_pause_delay_in_minutes": 0,
            "collation": "SQL_Latin1_General_CP1_CI_AS",
            "create_mode": "Default",
            "creation_source_database_id": null,
            "elastic_pool_id": "",
            "geo_backup_enabled": true,
            "id": "/subscriptions/08af9d7a-c4a4-4858-827f-2a27ef8b6245/resourceGroups/rg-hub-spoke/providers/Microsoft.Sql/servers/azsqltk/databases/db",
            "import": [],
            "ledger_enabled": false,
            "license_type": "LicenseIncluded",
            "long_term_retention_policy": [
              {
                "monthly_retention": "PT0S",
                "week_of_year": 1,
                "weekly_retention": "PT0S",
                "yearly_retention": "PT0S"
              }
            ],
            "maintenance_configuration_name": "SQL_Default",
            "max_size_gb": 32,
            "min_capacity": 0,
            "name": "db",
            "read_replica_count": 0,
            "read_scale": false,
            "recover_database_id": null,
            "restore_dropped_database_id": null,
            "restore_point_in_time": null,
            "sample_name": null,
            "server_id": "/subscriptions/08af9d7a-c4a4-4858-827f-2a27ef8b6245/resourceGroups/rg-hub-spoke/providers/Microsoft.Sql/servers/azsqltk",
            "short_term_retention_policy": [
              {
                "backup_interval_in_hours": 12,
                "retention_days": 7
              }
            ],
            "sku_name": "GP_Gen5_2",
            "storage_account_type": "Local",
            "tags": {},
            "threat_detection_policy": [
              {
                "disabled_alerts": [],
                "email_account_admins": "Disabled",
                "email_addresses": [],
                "retention_days": 0,
                "state": "Disabled",
                "storage_account_access_key": "",
                "storage_endpoint": ""
              }
            ],
            "timeouts": {
              "create": null,
              "delete": null,
              "read": null,
              "update": null
            },
            "transparent_data_encryption_enabled": true,
            "zone_redundant": false
          },
          "sensitive_attributes": [],
          "private": "eyJlMmJmYjczMC1lY2FhLTExZTYtOGY4OC0zNDM2M2JjN2M0YzAiOnsiY3JlYXRlIjozNjAwMDAwMDAwMDAwLCJkZWxldGUiOjM2MDAwMDAwMDAwMDAsInJlYWQiOjMwMDAwMDAwMDAwMCwidXBkYXRlIjozNjAwMDAwMDAwMDAwfSwic2NoZW1hX3ZlcnNpb24iOiIxIn0="
        }
      ]
    },
    {
      "mode": "managed",
      "type": "azurerm_mssql_database_extended_auditing_policy",
      "name": "res-82",
      "provider": "provider[\"registry.terraform.io/hashicorp/azurerm\"]",
      "instances": [
        {
          "schema_version": 0,
          "attributes": {
            "database_id": "/subscriptions/08af9d7a-c4a4-4858-827f-2a27ef8b6245/resourceGroups/rg-hub-spoke/providers/Microsoft.Sql/servers/azsqltk/databases/db",
            "enabled": false,
            "id": "/subscriptions/08af9d7a-c4a4-4858-827f-2a27ef8b6245/resourceGroups/rg-hub-spoke/providers/Microsoft.Sql/servers/azsqltk/databases/db/extendedAuditingSettings/Default",
            "log_monitoring_enabled": false,
            "retention_in_days": 0,
            "storage_account_access_key": null,
            "storage_account_access_key_is_secondary": false,
            "storage_endpoint": "",
            "timeouts": {
              "create": null,
              "delete": null,
              "read": null,
              "update": null
            }
          },
          "sensitive_attributes": [],
          "private": "eyJlMmJmYjczMC1lY2FhLTExZTYtOGY4OC0zNDM2M2JjN2M0YzAiOnsiY3JlYXRlIjoxODAwMDAwMDAwMDAwLCJkZWxldGUiOjE4MDAwMDAwMDAwMDAsInJlYWQiOjMwMDAwMDAwMDAwMCwidXBkYXRlIjoxODAwMDAwMDAwMDAwfSwic2NoZW1hX3ZlcnNpb24iOiIwIn0="
        }
      ]
    },
    {
      "mode": "managed",
      "type": "azurerm_mssql_database_extended_auditing_policy",
      "name": "res-91",
      "provider": "provider[\"registry.terraform.io/hashicorp/azurerm\"]",
      "instances": [
        {
          "schema_version": 0,
          "attributes": {
            "database_id": "/subscriptions/08af9d7a-c4a4-4858-827f-2a27ef8b6245/resourceGroups/rg-hub-spoke/providers/Microsoft.Sql/servers/azsqltk/databases/master",
            "enabled": false,
            "id": "/subscriptions/08af9d7a-c4a4-4858-827f-2a27ef8b6245/resourceGroups/rg-hub-spoke/providers/Microsoft.Sql/servers/azsqltk/databases/master/extendedAuditingSettings/Default",
            "log_monitoring_enabled": false,
            "retention_in_days": 0,
            "storage_account_access_key": null,
            "storage_account_access_key_is_secondary": false,
            "storage_endpoint": "",
            "timeouts": {
              "create": null,
              "delete": null,
              "read": null,
              "update": null
            }
          },
          "sensitive_attributes": [],
          "private": "eyJlMmJmYjczMC1lY2FhLTExZTYtOGY4OC0zNDM2M2JjN2M0YzAiOnsiY3JlYXRlIjoxODAwMDAwMDAwMDAwLCJkZWxldGUiOjE4MDAwMDAwMDAwMDAsInJlYWQiOjMwMDAwMDAwMDAwMCwidXBkYXRlIjoxODAwMDAwMDAwMDAwfSwic2NoZW1hX3ZlcnNpb24iOiIwIn0="
        }
      ]
    },
    {
      "mode": "managed",
      "type": "azurerm_mssql_server",
      "name": "res-59",
      "provider": "provider[\"registry.terraform.io/hashicorp/azurerm\"]",
      "instances": [
        {
          "schema_version": 0,
          "attributes": {
            "administrator_login": "sqluser",
            "administrator_login_password": null,
            "azuread_administrator": [
              {
                "azuread_authentication_only": false,
                "login_username": "timo.knapp_microsoft.com#EXT#@fdpo.onmicrosoft.com",
                "object_id": "91bf285c-b3de-4482-873d-a57edafb15e9",
                "tenant_id": "16b3c013-d300-468d-ac64-7eda0820b6d3"
              }
            ],
            "connection_policy": "Default",
            "fully_qualified_domain_name": "azsqltk.database.windows.net",
            "id": "/subscriptions/08af9d7a-c4a4-4858-827f-2a27ef8b6245/resourceGroups/rg-hub-spoke/providers/Microsoft.Sql/servers/azsqltk",
            "identity": [],
            "location": "westeurope",
            "minimum_tls_version": "1.2",
            "name": "azsqltk",
            "outbound_network_restriction_enabled": false,
            "primary_user_assigned_identity_id": "",
            "public_network_access_enabled": false,
            "resource_group_name": "rg-hub-spoke",
            "restorable_dropped_database_ids": [],
            "tags": {},
            "timeouts": {
              "create": null,
              "delete": null,
              "read": null,
              "update": null
            },
            "version": "12.0"
          },
          "sensitive_attributes": [],
          "private": "eyJlMmJmYjczMC1lY2FhLTExZTYtOGY4OC0zNDM2M2JjN2M0YzAiOnsiY3JlYXRlIjozNjAwMDAwMDAwMDAwLCJkZWxldGUiOjM2MDAwMDAwMDAwMDAsInJlYWQiOjMwMDAwMDAwMDAwMCwidXBkYXRlIjozNjAwMDAwMDAwMDAwfSwic2NoZW1hX3ZlcnNpb24iOiIwIn0="
        }
      ]
    },
    {
      "mode": "managed",
      "type": "azurerm_mssql_server_extended_auditing_policy",
      "name": "res-99",
      "provider": "provider[\"registry.terraform.io/hashicorp/azurerm\"]",
      "instances": [
        {
          "schema_version": 0,
          "attributes": {
            "enabled": true,
            "id": "/subscriptions/08af9d7a-c4a4-4858-827f-2a27ef8b6245/resourceGroups/rg-hub-spoke/providers/Microsoft.Sql/servers/azsqltk/extendedAuditingSettings/Default",
            "log_monitoring_enabled": false,
            "retention_in_days": 60,
            "server_id": "/subscriptions/08af9d7a-c4a4-4858-827f-2a27ef8b6245/resourceGroups/rg-hub-spoke/providers/Microsoft.Sql/servers/azsqltk",
            "storage_account_access_key": null,
            "storage_account_access_key_is_secondary": false,
            "storage_account_subscription_id": "6b76ff87-a921-49fe-a04a-92aebd1ac6fa",
            "storage_endpoint": "https://mcapsgovcsqlauditstorage.blob.core.windows.net/",
            "timeouts": {
              "create": null,
              "delete": null,
              "read": null,
              "update": null
            }
          },
          "sensitive_attributes": [],
          "private": "eyJlMmJmYjczMC1lY2FhLTExZTYtOGY4OC0zNDM2M2JjN2M0YzAiOnsiY3JlYXRlIjoxODAwMDAwMDAwMDAwLCJkZWxldGUiOjE4MDAwMDAwMDAwMDAsInJlYWQiOjMwMDAwMDAwMDAwMCwidXBkYXRlIjoxODAwMDAwMDAwMDAwfSwic2NoZW1hX3ZlcnNpb24iOiIwIn0="
        }
      ]
    },
    {
      "mode": "managed",
      "type": "azurerm_mssql_server_microsoft_support_auditing_policy",
      "name": "res-97",
      "provider": "provider[\"registry.terraform.io/hashicorp/azurerm\"]",
      "instances": [
        {
          "schema_version": 0,
          "attributes": {
            "blob_storage_endpoint": "",
            "enabled": false,
            "id": "/subscriptions/08af9d7a-c4a4-4858-827f-2a27ef8b6245/resourceGroups/rg-hub-spoke/providers/Microsoft.Sql/servers/azsqltk/devOpsAuditingSettings/Default",
            "log_monitoring_enabled": false,
            "server_id": "/subscriptions/08af9d7a-c4a4-4858-827f-2a27ef8b6245/resourceGroups/rg-hub-spoke/providers/Microsoft.Sql/servers/azsqltk",
            "storage_account_access_key": null,
            "storage_account_subscription_id": null,
            "timeouts": {
              "create": null,
              "delete": null,
              "read": null,
              "update": null
            }
          },
          "sensitive_attributes": [],
          "private": "eyJlMmJmYjczMC1lY2FhLTExZTYtOGY4OC0zNDM2M2JjN2M0YzAiOnsiY3JlYXRlIjoxODAwMDAwMDAwMDAwLCJkZWxldGUiOjE4MDAwMDAwMDAwMDAsInJlYWQiOjMwMDAwMDAwMDAwMCwidXBkYXRlIjoxODAwMDAwMDAwMDAwfSwic2NoZW1hX3ZlcnNpb24iOiIwIn0="
        }
      ]
    },
    {
      "mode": "managed",
      "type": "azurerm_mssql_server_security_alert_policy",
      "name": "res-102",
      "provider": "provider[\"registry.terraform.io/hashicorp/azurerm\"]",
      "instances": [
        {
          "schema_version": 0,
          "attributes": {
            "disabled_alerts": [],
            "email_account_admins": false,
            "email_addresses": [],
            "id": "/subscriptions/08af9d7a-c4a4-4858-827f-2a27ef8b6245/resourceGroups/rg-hub-spoke/providers/Microsoft.Sql/servers/azsqltk/securityAlertPolicies/Default",
            "resource_group_name": "rg-hub-spoke",
            "retention_days": 0,
            "server_name": "azsqltk",
            "state": "Enabled",
            "storage_account_access_key": null,
            "storage_endpoint": "",
            "timeouts": {
              "create": null,
              "delete": null,
              "read": null,
              "update": null
            }
          },
          "sensitive_attributes": [],
          "private": "eyJlMmJmYjczMC1lY2FhLTExZTYtOGY4OC0zNDM2M2JjN2M0YzAiOnsiY3JlYXRlIjoxODAwMDAwMDAwMDAwLCJkZWxldGUiOjE4MDAwMDAwMDAwMDAsInJlYWQiOjMwMDAwMDAwMDAwMCwidXBkYXRlIjoxODAwMDAwMDAwMDAwfSwic2NoZW1hX3ZlcnNpb24iOiIwIn0="
        }
      ]
    },
    {
      "mode": "managed",
      "type": "azurerm_mssql_server_transparent_data_encryption",
      "name": "res-98",
      "provider": "provider[\"registry.terraform.io/hashicorp/azurerm\"]",
      "instances": [
        {
          "schema_version": 1,
          "attributes": {
            "auto_rotation_enabled": false,
            "id": "/subscriptions/08af9d7a-c4a4-4858-827f-2a27ef8b6245/resourceGroups/rg-hub-spoke/providers/Microsoft.Sql/servers/azsqltk/encryptionProtector/current",
            "key_vault_key_id": "",
            "server_id": "/subscriptions/08af9d7a-c4a4-4858-827f-2a27ef8b6245/resourceGroups/rg-hub-spoke/providers/Microsoft.Sql/servers/azsqltk",
            "timeouts": {
              "create": null,
              "delete": null,
              "read": null,
              "update": null
            }
          },
          "sensitive_attributes": [],
          "private": "eyJlMmJmYjczMC1lY2FhLTExZTYtOGY4OC0zNDM2M2JjN2M0YzAiOnsiY3JlYXRlIjoxODAwMDAwMDAwMDAwLCJkZWxldGUiOjE4MDAwMDAwMDAwMDAsInJlYWQiOjMwMDAwMDAwMDAwMCwidXBkYXRlIjoxODAwMDAwMDAwMDAwfSwic2NoZW1hX3ZlcnNpb24iOiIxIn0="
        }
      ]
    },
    {
      "mode": "managed",
      "type": "azurerm_mssql_server_vulnerability_assessment",
      "name": "res-105",
      "provider": "provider[\"registry.terraform.io/hashicorp/azurerm\"]",
      "instances": [
        {
          "schema_version": 0,
          "attributes": {
            "id": "/subscriptions/08af9d7a-c4a4-4858-827f-2a27ef8b6245/resourceGroups/rg-hub-spoke/providers/Microsoft.Sql/servers/azsqltk/vulnerabilityAssessments/Default",
            "recurring_scans": [
              {
                "email_subscription_admins": true,
                "emails": [],
                "enabled": false
              }
            ],
            "server_security_alert_policy_id": "/subscriptions/08af9d7a-c4a4-4858-827f-2a27ef8b6245/resourceGroups/rg-hub-spoke/providers/Microsoft.Sql/servers/azsqltk/securityAlertPolicies/Default",
            "storage_account_access_key": null,
            "storage_container_path": "",
            "storage_container_sas_key": null,
            "timeouts": {
              "create": null,
              "delete": null,
              "read": null,
              "update": null
            }
          },
          "sensitive_attributes": [],
          "private": "eyJlMmJmYjczMC1lY2FhLTExZTYtOGY4OC0zNDM2M2JjN2M0YzAiOnsiY3JlYXRlIjoxODAwMDAwMDAwMDAwLCJkZWxldGUiOjE4MDAwMDAwMDAwMDAsInJlYWQiOjMwMDAwMDAwMDAwMCwidXBkYXRlIjoxODAwMDAwMDAwMDAwfSwic2NoZW1hX3ZlcnNpb24iOiIwIn0="
        }
      ]
    },
    {
      "mode": "managed",
      "type": "azurerm_mssql_virtual_network_rule",
      "name": "res-104",
      "provider": "provider[\"registry.terraform.io/hashicorp/azurerm\"]",
      "instances": [
        {
          "schema_version": 0,
          "attributes": {
            "id": "/subscriptions/08af9d7a-c4a4-4858-827f-2a27ef8b6245/resourceGroups/rg-hub-spoke/providers/Microsoft.Sql/servers/azsqltk/virtualNetworkRules/vnet-hub-rule",
            "ignore_missing_vnet_service_endpoint": false,
            "name": "vnet-hub-rule",
            "server_id": "/subscriptions/08af9d7a-c4a4-4858-827f-2a27ef8b6245/resourceGroups/rg-hub-spoke/providers/Microsoft.Sql/servers/azsqltk",
            "subnet_id": "/subscriptions/08af9d7a-c4a4-4858-827f-2a27ef8b6245/resourceGroups/rg-hub-spoke/providers/Microsoft.Network/virtualNetworks/vnet-hub-001/subnets/snet-hub",
            "timeouts": {
              "create": null,
              "delete": null,
              "read": null,
              "update": null
            }
          },
          "sensitive_attributes": [],
          "private": "eyJlMmJmYjczMC1lY2FhLTExZTYtOGY4OC0zNDM2M2JjN2M0YzAiOnsiY3JlYXRlIjoxODAwMDAwMDAwMDAwLCJkZWxldGUiOjE4MDAwMDAwMDAwMDAsInJlYWQiOjMwMDAwMDAwMDAwMCwidXBkYXRlIjoxODAwMDAwMDAwMDAwfSwic2NoZW1hX3ZlcnNpb24iOiIwIn0="
        }
      ]
    },
    {
      "mode": "managed",
      "type": "azurerm_network_interface",
      "name": "res-11",
      "provider": "provider[\"registry.terraform.io/hashicorp/azurerm\"]",
      "instances": [
        {
          "schema_version": 0,
          "attributes": {
            "applied_dns_servers": [],
            "dns_servers": [],
            "edge_zone": "",
            "enable_accelerated_networking": false,
            "enable_ip_forwarding": false,
            "id": "/subscriptions/08af9d7a-c4a4-4858-827f-2a27ef8b6245/resourceGroups/rg-hub-spoke/providers/Microsoft.Network/networkInterfaces/client-vm-westeu116_z1",
            "internal_dns_name_label": "",
            "internal_domain_name_suffix": "",
            "ip_configuration": [
              {
                "gateway_load_balancer_frontend_ip_configuration_id": "",
                "name": "ipconfig1",
                "primary": true,
                "private_ip_address": "10.20.0.4",
                "private_ip_address_allocation": "Dynamic",
                "private_ip_address_version": "IPv4",
                "public_ip_address_id": "",
                "subnet_id": "/subscriptions/08af9d7a-c4a4-4858-827f-2a27ef8b6245/resourceGroups/rg-hub-spoke/providers/Microsoft.Network/virtualNetworks/vnet-spoke-westeu-001/subnets/snet-vm"
              }
            ],
            "location": "westeurope",
            "mac_address": "60-45-BD-97-23-58",
            "name": "client-vm-westeu116_z1",
            "private_ip_address": "10.20.0.4",
            "private_ip_addresses": [
              "10.20.0.4"
            ],
            "resource_group_name": "rg-hub-spoke",
            "tags": {},
            "timeouts": {
              "create": null,
              "delete": null,
              "read": null,
              "update": null
            },
            "virtual_machine_id": "/subscriptions/08af9d7a-c4a4-4858-827f-2a27ef8b6245/resourceGroups/RG-HUB-SPOKE/providers/Microsoft.Compute/virtualMachines/client-vm-westeu"
          },
          "sensitive_attributes": [],
          "private": "eyJlMmJmYjczMC1lY2FhLTExZTYtOGY4OC0zNDM2M2JjN2M0YzAiOnsiY3JlYXRlIjoxODAwMDAwMDAwMDAwLCJkZWxldGUiOjE4MDAwMDAwMDAwMDAsInJlYWQiOjMwMDAwMDAwMDAwMCwidXBkYXRlIjoxODAwMDAwMDAwMDAwfSwic2NoZW1hX3ZlcnNpb24iOiIwIn0="
        }
      ]
    },
    {
      "mode": "managed",
      "type": "azurerm_network_interface",
      "name": "res-13",
      "provider": "provider[\"registry.terraform.io/hashicorp/azurerm\"]",
      "instances": [
        {
          "schema_version": 0,
          "attributes": {
            "applied_dns_servers": [],
            "dns_servers": [],
            "edge_zone": "",
            "enable_accelerated_networking": false,
            "enable_ip_forwarding": false,
            "id": "/subscriptions/08af9d7a-c4a4-4858-827f-2a27ef8b6245/resourceGroups/rg-hub-spoke/providers/Microsoft.Network/networkInterfaces/pe-sql-nic",
            "internal_dns_name_label": "",
            "internal_domain_name_suffix": "5udblyfntu1efdlo2u34q2vpgb.ax.internal.cloudapp.net",
            "ip_configuration": [
              {
                "gateway_load_balancer_frontend_ip_configuration_id": "",
                "name": "privateEndpointIpConfig.fa803a40-8fbd-4673-9f43-b84aea118ddd",
                "primary": true,
                "private_ip_address": "10.5.0.5",
                "private_ip_address_allocation": "Static",
                "private_ip_address_version": "IPv4",
                "public_ip_address_id": "",
                "subnet_id": "/subscriptions/08af9d7a-c4a4-4858-827f-2a27ef8b6245/resourceGroups/rg-hub-spoke/providers/Microsoft.Network/virtualNetworks/vnet-hub-001/subnets/snet-hub"
              }
            ],
            "location": "westeurope",
            "mac_address": "",
            "name": "pe-sql-nic",
            "private_ip_address": "10.5.0.5",
            "private_ip_addresses": [
              "10.5.0.5"
            ],
            "resource_group_name": "rg-hub-spoke",
            "tags": {},
            "timeouts": {
              "create": null,
              "delete": null,
              "read": null,
              "update": null
            },
            "virtual_machine_id": ""
          },
          "sensitive_attributes": [],
          "private": "eyJlMmJmYjczMC1lY2FhLTExZTYtOGY4OC0zNDM2M2JjN2M0YzAiOnsiY3JlYXRlIjoxODAwMDAwMDAwMDAwLCJkZWxldGUiOjE4MDAwMDAwMDAwMDAsInJlYWQiOjMwMDAwMDAwMDAwMCwidXBkYXRlIjoxODAwMDAwMDAwMDAwfSwic2NoZW1hX3ZlcnNpb24iOiIwIn0="
        }
      ]
    },
    {
      "mode": "managed",
      "type": "azurerm_network_interface",
      "name": "res-9",
      "provider": "provider[\"registry.terraform.io/hashicorp/azurerm\"]",
      "instances": [
        {
          "schema_version": 0,
          "attributes": {
            "applied_dns_servers": [],
            "dns_servers": [],
            "edge_zone": "",
            "enable_accelerated_networking": false,
            "enable_ip_forwarding": false,
            "id": "/subscriptions/08af9d7a-c4a4-4858-827f-2a27ef8b6245/resourceGroups/rg-hub-spoke/providers/Microsoft.Network/networkInterfaces/client-vm-spoke-northeu33_z1",
            "internal_dns_name_label": "",
            "internal_domain_name_suffix": "",
            "ip_configuration": [
              {
                "gateway_load_balancer_frontend_ip_configuration_id": "",
                "name": "ipconfig1",
                "primary": true,
                "private_ip_address": "10.10.0.4",
                "private_ip_address_allocation": "Dynamic",
                "private_ip_address_version": "IPv4",
                "public_ip_address_id": "",
                "subnet_id": "/subscriptions/08af9d7a-c4a4-4858-827f-2a27ef8b6245/resourceGroups/rg-hub-spoke/providers/Microsoft.Network/virtualNetworks/vnet-spoke-northeu-001/subnets/snet-vm"
              }
            ],
            "location": "northeurope",
            "mac_address": "00-0D-3A-B5-99-5E",
            "name": "client-vm-spoke-northeu33_z1",
            "private_ip_address": "10.10.0.4",
            "private_ip_addresses": [
              "10.10.0.4"
            ],
            "resource_group_name": "rg-hub-spoke",
            "tags": {},
            "timeouts": {
              "create": null,
              "delete": null,
              "read": null,
              "update": null
            },
            "virtual_machine_id": "/subscriptions/08af9d7a-c4a4-4858-827f-2a27ef8b6245/resourceGroups/RG-HUB-SPOKE/providers/Microsoft.Compute/virtualMachines/client-vm-spoke-northeu"
          },
          "sensitive_attributes": [],
          "private": "eyJlMmJmYjczMC1lY2FhLTExZTYtOGY4OC0zNDM2M2JjN2M0YzAiOnsiY3JlYXRlIjoxODAwMDAwMDAwMDAwLCJkZWxldGUiOjE4MDAwMDAwMDAwMDAsInJlYWQiOjMwMDAwMDAwMDAwMCwidXBkYXRlIjoxODAwMDAwMDAwMDAwfSwic2NoZW1hX3ZlcnNpb24iOiIwIn0="
        }
      ]
    },
    {
      "mode": "managed",
      "type": "azurerm_network_interface_security_group_association",
      "name": "res-10",
      "provider": "provider[\"registry.terraform.io/hashicorp/azurerm\"]",
      "instances": [
        {
          "schema_version": 0,
          "attributes": {
            "id": "/subscriptions/08af9d7a-c4a4-4858-827f-2a27ef8b6245/resourceGroups/rg-hub-spoke/providers/Microsoft.Network/networkInterfaces/client-vm-spoke-northeu33_z1|/subscriptions/08af9d7a-c4a4-4858-827f-2a27ef8b6245/resourceGroups/rg-hub-spoke/providers/Microsoft.Network/networkSecurityGroups/client-vm-spoke-northeu-nsg",
            "network_interface_id": "/subscriptions/08af9d7a-c4a4-4858-827f-2a27ef8b6245/resourceGroups/rg-hub-spoke/providers/Microsoft.Network/networkInterfaces/client-vm-spoke-northeu33_z1",
            "network_security_group_id": "/subscriptions/08af9d7a-c4a4-4858-827f-2a27ef8b6245/resourceGroups/rg-hub-spoke/providers/Microsoft.Network/networkSecurityGroups/client-vm-spoke-northeu-nsg",
            "timeouts": {
              "create": null,
              "delete": null,
              "read": null,
              "update": null
            }
          },
          "sensitive_attributes": [],
          "private": "eyJlMmJmYjczMC1lY2FhLTExZTYtOGY4OC0zNDM2M2JjN2M0YzAiOnsiY3JlYXRlIjoxODAwMDAwMDAwMDAwLCJkZWxldGUiOjE4MDAwMDAwMDAwMDAsInJlYWQiOjMwMDAwMDAwMDAwMCwidXBkYXRlIjoxODAwMDAwMDAwMDAwfSwic2NoZW1hX3ZlcnNpb24iOiIwIn0="
        }
      ]
    },
    {
      "mode": "managed",
      "type": "azurerm_network_interface_security_group_association",
      "name": "res-12",
      "provider": "provider[\"registry.terraform.io/hashicorp/azurerm\"]",
      "instances": [
        {
          "schema_version": 0,
          "attributes": {
            "id": "/subscriptions/08af9d7a-c4a4-4858-827f-2a27ef8b6245/resourceGroups/rg-hub-spoke/providers/Microsoft.Network/networkInterfaces/client-vm-westeu116_z1|/subscriptions/08af9d7a-c4a4-4858-827f-2a27ef8b6245/resourceGroups/rg-hub-spoke/providers/Microsoft.Network/networkSecurityGroups/client-vm-westeu-nsg",
            "network_interface_id": "/subscriptions/08af9d7a-c4a4-4858-827f-2a27ef8b6245/resourceGroups/rg-hub-spoke/providers/Microsoft.Network/networkInterfaces/client-vm-westeu116_z1",
            "network_security_group_id": "/subscriptions/08af9d7a-c4a4-4858-827f-2a27ef8b6245/resourceGroups/rg-hub-spoke/providers/Microsoft.Network/networkSecurityGroups/client-vm-westeu-nsg",
            "timeouts": {
              "create": null,
              "delete": null,
              "read": null,
              "update": null
            }
          },
          "sensitive_attributes": [],
          "private": "eyJlMmJmYjczMC1lY2FhLTExZTYtOGY4OC0zNDM2M2JjN2M0YzAiOnsiY3JlYXRlIjoxODAwMDAwMDAwMDAwLCJkZWxldGUiOjE4MDAwMDAwMDAwMDAsInJlYWQiOjMwMDAwMDAwMDAwMCwidXBkYXRlIjoxODAwMDAwMDAwMDAwfSwic2NoZW1hX3ZlcnNpb24iOiIwIn0="
        }
      ]
    },
    {
      "mode": "managed",
      "type": "azurerm_network_security_group",
      "name": "res-14",
      "provider": "provider[\"registry.terraform.io/hashicorp/azurerm\"]",
      "instances": [
        {
          "schema_version": 0,
          "attributes": {
            "id": "/subscriptions/08af9d7a-c4a4-4858-827f-2a27ef8b6245/resourceGroups/rg-hub-spoke/providers/Microsoft.Network/networkSecurityGroups/client-vm-spoke-northeu-nsg",
            "location": "northeurope",
            "name": "client-vm-spoke-northeu-nsg",
            "resource_group_name": "rg-hub-spoke",
            "security_rule": [
              {
                "access": "Allow",
                "description": "",
                "destination_address_prefix": "*",
                "destination_address_prefixes": [],
                "destination_application_security_group_ids": [],
                "destination_port_range": "22",
                "destination_port_ranges": [],
                "direction": "Inbound",
                "name": "AllowTagSSHInbound",
                "priority": 100,
                "protocol": "Tcp",
                "source_address_prefix": "VirtualNetwork",
                "source_address_prefixes": [],
                "source_application_security_group_ids": [],
                "source_port_range": "*",
                "source_port_ranges": []
              }
            ],
            "tags": {},
            "timeouts": {
              "create": null,
              "delete": null,
              "read": null,
              "update": null
            }
          },
          "sensitive_attributes": [],
          "private": "eyJlMmJmYjczMC1lY2FhLTExZTYtOGY4OC0zNDM2M2JjN2M0YzAiOnsiY3JlYXRlIjoxODAwMDAwMDAwMDAwLCJkZWxldGUiOjE4MDAwMDAwMDAwMDAsInJlYWQiOjMwMDAwMDAwMDAwMCwidXBkYXRlIjoxODAwMDAwMDAwMDAwfSwic2NoZW1hX3ZlcnNpb24iOiIwIn0="
        }
      ]
    },
    {
      "mode": "managed",
      "type": "azurerm_network_security_group",
      "name": "res-16",
      "provider": "provider[\"registry.terraform.io/hashicorp/azurerm\"]",
      "instances": [
        {
          "schema_version": 0,
          "attributes": {
            "id": "/subscriptions/08af9d7a-c4a4-4858-827f-2a27ef8b6245/resourceGroups/rg-hub-spoke/providers/Microsoft.Network/networkSecurityGroups/client-vm-westeu-nsg",
            "location": "westeurope",
            "name": "client-vm-westeu-nsg",
            "resource_group_name": "rg-hub-spoke",
            "security_rule": [
              {
                "access": "Allow",
                "description": "",
                "destination_address_prefix": "*",
                "destination_address_prefixes": [],
                "destination_application_security_group_ids": [],
                "destination_port_range": "22",
                "destination_port_ranges": [],
                "direction": "Inbound",
                "name": "AllowTagSSHInbound",
                "priority": 100,
                "protocol": "Tcp",
                "source_address_prefix": "VirtualNetwork",
                "source_address_prefixes": [],
                "source_application_security_group_ids": [],
                "source_port_range": "*",
                "source_port_ranges": []
              }
            ],
            "tags": {},
            "timeouts": {
              "create": null,
              "delete": null,
              "read": null,
              "update": null
            }
          },
          "sensitive_attributes": [],
          "private": "eyJlMmJmYjczMC1lY2FhLTExZTYtOGY4OC0zNDM2M2JjN2M0YzAiOnsiY3JlYXRlIjoxODAwMDAwMDAwMDAwLCJkZWxldGUiOjE4MDAwMDAwMDAwMDAsInJlYWQiOjMwMDAwMDAwMDAwMCwidXBkYXRlIjoxODAwMDAwMDAwMDAwfSwic2NoZW1hX3ZlcnNpb24iOiIwIn0="
        }
      ]
    },
    {
      "mode": "managed",
      "type": "azurerm_network_security_group",
      "name": "res-18",
      "provider": "provider[\"registry.terraform.io/hashicorp/azurerm\"]",
      "instances": [
        {
          "schema_version": 0,
          "attributes": {
            "id": "/subscriptions/08af9d7a-c4a4-4858-827f-2a27ef8b6245/resourceGroups/rg-hub-spoke/providers/Microsoft.Network/networkSecurityGroups/vnet-hub-001-AzureBastionSubnet-nsg-westeurope",
            "location": "westeurope",
            "name": "vnet-hub-001-AzureBastionSubnet-nsg-westeurope",
            "resource_group_name": "rg-hub-spoke",
            "security_rule": [
              {
                "access": "Allow",
                "description": "",
                "destination_address_prefix": "AzureCloud",
                "destination_address_prefixes": [],
                "destination_application_security_group_ids": [],
                "destination_port_range": "443",
                "destination_port_ranges": [],
                "direction": "Outbound",
                "name": "AllowAzureCloudOutbound",
                "priority": 110,
                "protocol": "Tcp",
                "source_address_prefix": "*",
                "source_address_prefixes": [],
                "source_application_security_group_ids": [],
                "source_port_range": "*",
                "source_port_ranges": []
              },
              {
                "access": "Allow",
                "description": "",
                "destination_address_prefix": "VirtualNetwork",
                "destination_address_prefixes": [],
                "destination_application_security_group_ids": [],
                "destination_port_range": "",
                "destination_port_ranges": [
                  "22",
                  "3389"
                ],
                "direction": "Outbound",
                "name": "AllowSshRdpOutbound",
                "priority": 100,
                "protocol": "*",
                "source_address_prefix": "*",
                "source_address_prefixes": [],
                "source_application_security_group_ids": [],
                "source_port_range": "*",
                "source_port_ranges": []
              },
              {
                "access": "Allow",
                "description": "Allow GatewayManager",
                "destination_address_prefix": "*",
                "destination_address_prefixes": [],
                "destination_application_security_group_ids": [],
                "destination_port_range": "443",
                "destination_port_ranges": [],
                "direction": "Inbound",
                "name": "AllowGatewayManager",
                "priority": 2702,
                "protocol": "*",
                "source_address_prefix": "GatewayManager",
                "source_address_prefixes": [],
                "source_application_security_group_ids": [],
                "source_port_range": "*",
                "source_port_ranges": []
              },
              {
                "access": "Allow",
                "description": "Allow HTTPs",
                "destination_address_prefix": "*",
                "destination_address_prefixes": [],
                "destination_application_security_group_ids": [],
                "destination_port_range": "443",
                "destination_port_ranges": [],
                "direction": "Inbound",
                "name": "AllowHttpsInBound",
                "priority": 2703,
                "protocol": "*",
                "source_address_prefix": "Internet",
                "source_address_prefixes": [],
                "source_application_security_group_ids": [],
                "source_port_range": "*",
                "source_port_ranges": []
              },
              {
                "access": "Allow",
                "description": "CSS Governance Security Rule.  Allow Corpnet inbound.  https://aka.ms/casg",
                "destination_address_prefix": "*",
                "destination_address_prefixes": [],
                "destination_application_security_group_ids": [],
                "destination_port_range": "*",
                "destination_port_ranges": [],
                "direction": "Inbound",
                "name": "AllowCorpnet",
                "priority": 2700,
                "protocol": "*",
                "source_address_prefix": "CorpNetPublic",
                "source_address_prefixes": [],
                "source_application_security_group_ids": [],
                "source_port_range": "*",
                "source_port_ranges": []
              },
              {
                "access": "Allow",
                "description": "CSS Governance Security Rule.  Allow SAW inbound.  https://aka.ms/casg",
                "destination_address_prefix": "*",
                "destination_address_prefixes": [],
                "destination_application_security_group_ids": [],
                "destination_port_range": "*",
                "destination_port_ranges": [],
                "direction": "Inbound",
                "name": "AllowSAW",
                "priority": 2701,
                "protocol": "*",
                "source_address_prefix": "CorpNetSaw",
                "source_address_prefixes": [],
                "source_application_security_group_ids": [],
                "source_port_range": "*",
                "source_port_ranges": []
              }
            ],
            "tags": {},
            "timeouts": {
              "create": null,
              "delete": null,
              "read": null,
              "update": null
            }
          },
          "sensitive_attributes": [],
          "private": "eyJlMmJmYjczMC1lY2FhLTExZTYtOGY4OC0zNDM2M2JjN2M0YzAiOnsiY3JlYXRlIjoxODAwMDAwMDAwMDAwLCJkZWxldGUiOjE4MDAwMDAwMDAwMDAsInJlYWQiOjMwMDAwMDAwMDAwMCwidXBkYXRlIjoxODAwMDAwMDAwMDAwfSwic2NoZW1hX3ZlcnNpb24iOiIwIn0="
        }
      ]
    },
    {
      "mode": "managed",
      "type": "azurerm_network_security_group",
      "name": "res-25",
      "provider": "provider[\"registry.terraform.io/hashicorp/azurerm\"]",
      "instances": [
        {
          "schema_version": 0,
          "attributes": {
            "id": "/subscriptions/08af9d7a-c4a4-4858-827f-2a27ef8b6245/resourceGroups/rg-hub-spoke/providers/Microsoft.Network/networkSecurityGroups/vnet-hub-001-snet-hub-nsg-westeurope",
            "location": "westeurope",
            "name": "vnet-hub-001-snet-hub-nsg-westeurope",
            "resource_group_name": "rg-hub-spoke",
            "security_rule": [
              {
                "access": "Allow",
                "description": "CSS Governance Security Rule.  Allow Corpnet inbound.  https://aka.ms/casg",
                "destination_address_prefix": "*",
                "destination_address_prefixes": [],
                "destination_application_security_group_ids": [],
                "destination_port_range": "*",
                "destination_port_ranges": [],
                "direction": "Inbound",
                "name": "AllowCorpnet",
                "priority": 2700,
                "protocol": "*",
                "source_address_prefix": "CorpNetPublic",
                "source_address_prefixes": [],
                "source_application_security_group_ids": [],
                "source_port_range": "*",
                "source_port_ranges": []
              },
              {
                "access": "Allow",
                "description": "CSS Governance Security Rule.  Allow SAW inbound.  https://aka.ms/casg",
                "destination_address_prefix": "*",
                "destination_address_prefixes": [],
                "destination_application_security_group_ids": [],
                "destination_port_range": "*",
                "destination_port_ranges": [],
                "direction": "Inbound",
                "name": "AllowSAW",
                "priority": 2701,
                "protocol": "*",
                "source_address_prefix": "CorpNetSaw",
                "source_address_prefixes": [],
                "source_application_security_group_ids": [],
                "source_port_range": "*",
                "source_port_ranges": []
              }
            ],
            "tags": {},
            "timeouts": {
              "create": null,
              "delete": null,
              "read": null,
              "update": null
            }
          },
          "sensitive_attributes": [],
          "private": "eyJlMmJmYjczMC1lY2FhLTExZTYtOGY4OC0zNDM2M2JjN2M0YzAiOnsiY3JlYXRlIjoxODAwMDAwMDAwMDAwLCJkZWxldGUiOjE4MDAwMDAwMDAwMDAsInJlYWQiOjMwMDAwMDAwMDAwMCwidXBkYXRlIjoxODAwMDAwMDAwMDAwfSwic2NoZW1hX3ZlcnNpb24iOiIwIn0="
        }
      ]
    },
    {
      "mode": "managed",
      "type": "azurerm_network_security_group",
      "name": "res-28",
      "provider": "provider[\"registry.terraform.io/hashicorp/azurerm\"]",
      "instances": [
        {
          "schema_version": 0,
          "attributes": {
            "id": "/subscriptions/08af9d7a-c4a4-4858-827f-2a27ef8b6245/resourceGroups/rg-hub-spoke/providers/Microsoft.Network/networkSecurityGroups/vnet-spoke-northeu-001-snet-vm-nsg-northeurope",
            "location": "northeurope",
            "name": "vnet-spoke-northeu-001-snet-vm-nsg-northeurope",
            "resource_group_name": "rg-hub-spoke",
            "security_rule": [
              {
                "access": "Allow",
                "description": "",
                "destination_address_prefix": "*",
                "destination_address_prefixes": [],
                "destination_application_security_group_ids": [],
                "destination_port_range": "22",
                "destination_port_ranges": [],
                "direction": "Inbound",
                "name": "AllowTagSSHInbound",
                "priority": 2711,
                "protocol": "Tcp",
                "source_address_prefix": "VirtualNetwork",
                "source_address_prefixes": [],
                "source_application_security_group_ids": [],
                "source_port_range": "*",
                "source_port_ranges": []
              },
              {
                "access": "Allow",
                "description": "CSS Governance Security Rule.  Allow Corpnet inbound.  https://aka.ms/casg",
                "destination_address_prefix": "*",
                "destination_address_prefixes": [],
                "destination_application_security_group_ids": [],
                "destination_port_range": "*",
                "destination_port_ranges": [],
                "direction": "Inbound",
                "name": "AllowCorpnet",
                "priority": 2700,
                "protocol": "*",
                "source_address_prefix": "CorpNetPublic",
                "source_address_prefixes": [],
                "source_application_security_group_ids": [],
                "source_port_range": "*",
                "source_port_ranges": []
              },
              {
                "access": "Allow",
                "description": "CSS Governance Security Rule.  Allow SAW inbound.  https://aka.ms/casg",
                "destination_address_prefix": "*",
                "destination_address_prefixes": [],
                "destination_application_security_group_ids": [],
                "destination_port_range": "*",
                "destination_port_ranges": [],
                "direction": "Inbound",
                "name": "AllowSAW",
                "priority": 2701,
                "protocol": "*",
                "source_address_prefix": "CorpNetSaw",
                "source_address_prefixes": [],
                "source_application_security_group_ids": [],
                "source_port_range": "*",
                "source_port_ranges": []
              }
            ],
            "tags": {},
            "timeouts": {
              "create": null,
              "delete": null,
              "read": null,
              "update": null
            }
          },
          "sensitive_attributes": [],
          "private": "eyJlMmJmYjczMC1lY2FhLTExZTYtOGY4OC0zNDM2M2JjN2M0YzAiOnsiY3JlYXRlIjoxODAwMDAwMDAwMDAwLCJkZWxldGUiOjE4MDAwMDAwMDAwMDAsInJlYWQiOjMwMDAwMDAwMDAwMCwidXBkYXRlIjoxODAwMDAwMDAwMDAwfSwic2NoZW1hX3ZlcnNpb24iOiIwIn0="
        }
      ]
    },
    {
      "mode": "managed",
      "type": "azurerm_network_security_group",
      "name": "res-32",
      "provider": "provider[\"registry.terraform.io/hashicorp/azurerm\"]",
      "instances": [
        {
          "schema_version": 0,
          "attributes": {
            "id": "/subscriptions/08af9d7a-c4a4-4858-827f-2a27ef8b6245/resourceGroups/rg-hub-spoke/providers/Microsoft.Network/networkSecurityGroups/vnet-spoke-westeu-001-snet-vm-nsg-westeurope",
            "location": "westeurope",
            "name": "vnet-spoke-westeu-001-snet-vm-nsg-westeurope",
            "resource_group_name": "rg-hub-spoke",
            "security_rule": [
              {
                "access": "Allow",
                "description": "",
                "destination_address_prefix": "*",
                "destination_address_prefixes": [],
                "destination_application_security_group_ids": [],
                "destination_port_range": "22",
                "destination_port_ranges": [],
                "direction": "Inbound",
                "name": "AllowTagSSHInbound",
                "priority": 2711,
                "protocol": "Tcp",
                "source_address_prefix": "VirtualNetwork",
                "source_address_prefixes": [],
                "source_application_security_group_ids": [],
                "source_port_range": "*",
                "source_port_ranges": []
              },
              {
                "access": "Allow",
                "description": "CSS Governance Security Rule.  Allow Corpnet inbound.  https://aka.ms/casg",
                "destination_address_prefix": "*",
                "destination_address_prefixes": [],
                "destination_application_security_group_ids": [],
                "destination_port_range": "*",
                "destination_port_ranges": [],
                "direction": "Inbound",
                "name": "AllowCorpnet",
                "priority": 2700,
                "protocol": "*",
                "source_address_prefix": "CorpNetPublic",
                "source_address_prefixes": [],
                "source_application_security_group_ids": [],
                "source_port_range": "*",
                "source_port_ranges": []
              },
              {
                "access": "Allow",
                "description": "CSS Governance Security Rule.  Allow SAW inbound.  https://aka.ms/casg",
                "destination_address_prefix": "*",
                "destination_address_prefixes": [],
                "destination_application_security_group_ids": [],
                "destination_port_range": "*",
                "destination_port_ranges": [],
                "direction": "Inbound",
                "name": "AllowSAW",
                "priority": 2701,
                "protocol": "*",
                "source_address_prefix": "CorpNetSaw",
                "source_address_prefixes": [],
                "source_application_security_group_ids": [],
                "source_port_range": "*",
                "source_port_ranges": []
              }
            ],
            "tags": {},
            "timeouts": {
              "create": null,
              "delete": null,
              "read": null,
              "update": null
            }
          },
          "sensitive_attributes": [],
          "private": "eyJlMmJmYjczMC1lY2FhLTExZTYtOGY4OC0zNDM2M2JjN2M0YzAiOnsiY3JlYXRlIjoxODAwMDAwMDAwMDAwLCJkZWxldGUiOjE4MDAwMDAwMDAwMDAsInJlYWQiOjMwMDAwMDAwMDAwMCwidXBkYXRlIjoxODAwMDAwMDAwMDAwfSwic2NoZW1hX3ZlcnNpb24iOiIwIn0="
        }
      ]
    },
    {
      "mode": "managed",
      "type": "azurerm_network_security_rule",
      "name": "res-15",
      "provider": "provider[\"registry.terraform.io/hashicorp/azurerm\"]",
      "instances": [
        {
          "schema_version": 0,
          "attributes": {
            "access": "Allow",
            "description": "",
            "destination_address_prefix": "*",
            "destination_address_prefixes": [],
            "destination_application_security_group_ids": [],
            "destination_port_range": "22",
            "destination_port_ranges": [],
            "direction": "Inbound",
            "id": "/subscriptions/08af9d7a-c4a4-4858-827f-2a27ef8b6245/resourceGroups/rg-hub-spoke/providers/Microsoft.Network/networkSecurityGroups/client-vm-spoke-northeu-nsg/securityRules/AllowTagSSHInbound",
            "name": "AllowTagSSHInbound",
            "network_security_group_name": "client-vm-spoke-northeu-nsg",
            "priority": 100,
            "protocol": "Tcp",
            "resource_group_name": "rg-hub-spoke",
            "source_address_prefix": "VirtualNetwork",
            "source_address_prefixes": [],
            "source_application_security_group_ids": [],
            "source_port_range": "*",
            "source_port_ranges": [],
            "timeouts": {
              "create": null,
              "delete": null,
              "read": null,
              "update": null
            }
          },
          "sensitive_attributes": [],
          "private": "eyJlMmJmYjczMC1lY2FhLTExZTYtOGY4OC0zNDM2M2JjN2M0YzAiOnsiY3JlYXRlIjoxODAwMDAwMDAwMDAwLCJkZWxldGUiOjE4MDAwMDAwMDAwMDAsInJlYWQiOjMwMDAwMDAwMDAwMCwidXBkYXRlIjoxODAwMDAwMDAwMDAwfSwic2NoZW1hX3ZlcnNpb24iOiIwIn0="
        }
      ]
    },
    {
      "mode": "managed",
      "type": "azurerm_network_security_rule",
      "name": "res-17",
      "provider": "provider[\"registry.terraform.io/hashicorp/azurerm\"]",
      "instances": [
        {
          "schema_version": 0,
          "attributes": {
            "access": "Allow",
            "description": "",
            "destination_address_prefix": "*",
            "destination_address_prefixes": [],
            "destination_application_security_group_ids": [],
            "destination_port_range": "22",
            "destination_port_ranges": [],
            "direction": "Inbound",
            "id": "/subscriptions/08af9d7a-c4a4-4858-827f-2a27ef8b6245/resourceGroups/rg-hub-spoke/providers/Microsoft.Network/networkSecurityGroups/client-vm-westeu-nsg/securityRules/AllowTagSSHInbound",
            "name": "AllowTagSSHInbound",
            "network_security_group_name": "client-vm-westeu-nsg",
            "priority": 100,
            "protocol": "Tcp",
            "resource_group_name": "rg-hub-spoke",
            "source_address_prefix": "VirtualNetwork",
            "source_address_prefixes": [],
            "source_application_security_group_ids": [],
            "source_port_range": "*",
            "source_port_ranges": [],
            "timeouts": {
              "create": null,
              "delete": null,
              "read": null,
              "update": null
            }
          },
          "sensitive_attributes": [],
          "private": "eyJlMmJmYjczMC1lY2FhLTExZTYtOGY4OC0zNDM2M2JjN2M0YzAiOnsiY3JlYXRlIjoxODAwMDAwMDAwMDAwLCJkZWxldGUiOjE4MDAwMDAwMDAwMDAsInJlYWQiOjMwMDAwMDAwMDAwMCwidXBkYXRlIjoxODAwMDAwMDAwMDAwfSwic2NoZW1hX3ZlcnNpb24iOiIwIn0="
        }
      ]
    },
    {
      "mode": "managed",
      "type": "azurerm_network_security_rule",
      "name": "res-19",
      "provider": "provider[\"registry.terraform.io/hashicorp/azurerm\"]",
      "instances": [
        {
          "schema_version": 0,
          "attributes": {
            "access": "Allow",
            "description": "",
            "destination_address_prefix": "AzureCloud",
            "destination_address_prefixes": [],
            "destination_application_security_group_ids": [],
            "destination_port_range": "443",
            "destination_port_ranges": [],
            "direction": "Outbound",
            "id": "/subscriptions/08af9d7a-c4a4-4858-827f-2a27ef8b6245/resourceGroups/rg-hub-spoke/providers/Microsoft.Network/networkSecurityGroups/vnet-hub-001-AzureBastionSubnet-nsg-westeurope/securityRules/AllowAzureCloudOutbound",
            "name": "AllowAzureCloudOutbound",
            "network_security_group_name": "vnet-hub-001-AzureBastionSubnet-nsg-westeurope",
            "priority": 110,
            "protocol": "Tcp",
            "resource_group_name": "rg-hub-spoke",
            "source_address_prefix": "*",
            "source_address_prefixes": [],
            "source_application_security_group_ids": [],
            "source_port_range": "*",
            "source_port_ranges": [],
            "timeouts": {
              "create": null,
              "delete": null,
              "read": null,
              "update": null
            }
          },
          "sensitive_attributes": [],
          "private": "eyJlMmJmYjczMC1lY2FhLTExZTYtOGY4OC0zNDM2M2JjN2M0YzAiOnsiY3JlYXRlIjoxODAwMDAwMDAwMDAwLCJkZWxldGUiOjE4MDAwMDAwMDAwMDAsInJlYWQiOjMwMDAwMDAwMDAwMCwidXBkYXRlIjoxODAwMDAwMDAwMDAwfSwic2NoZW1hX3ZlcnNpb24iOiIwIn0="
        }
      ]
    },
    {
      "mode": "managed",
      "type": "azurerm_network_security_rule",
      "name": "res-20",
      "provider": "provider[\"registry.terraform.io/hashicorp/azurerm\"]",
      "instances": [
        {
          "schema_version": 0,
          "attributes": {
            "access": "Allow",
            "description": "CSS Governance Security Rule.  Allow Corpnet inbound.  https://aka.ms/casg",
            "destination_address_prefix": "*",
            "destination_address_prefixes": [],
            "destination_application_security_group_ids": [],
            "destination_port_range": "*",
            "destination_port_ranges": [],
            "direction": "Inbound",
            "id": "/subscriptions/08af9d7a-c4a4-4858-827f-2a27ef8b6245/resourceGroups/rg-hub-spoke/providers/Microsoft.Network/networkSecurityGroups/vnet-hub-001-AzureBastionSubnet-nsg-westeurope/securityRules/AllowCorpnet",
            "name": "AllowCorpnet",
            "network_security_group_name": "vnet-hub-001-AzureBastionSubnet-nsg-westeurope",
            "priority": 2700,
            "protocol": "*",
            "resource_group_name": "rg-hub-spoke",
            "source_address_prefix": "CorpNetPublic",
            "source_address_prefixes": [],
            "source_application_security_group_ids": [],
            "source_port_range": "*",
            "source_port_ranges": [],
            "timeouts": {
              "create": null,
              "delete": null,
              "read": null,
              "update": null
            }
          },
          "sensitive_attributes": [],
          "private": "eyJlMmJmYjczMC1lY2FhLTExZTYtOGY4OC0zNDM2M2JjN2M0YzAiOnsiY3JlYXRlIjoxODAwMDAwMDAwMDAwLCJkZWxldGUiOjE4MDAwMDAwMDAwMDAsInJlYWQiOjMwMDAwMDAwMDAwMCwidXBkYXRlIjoxODAwMDAwMDAwMDAwfSwic2NoZW1hX3ZlcnNpb24iOiIwIn0="
        }
      ]
    },
    {
      "mode": "managed",
      "type": "azurerm_network_security_rule",
      "name": "res-21",
      "provider": "provider[\"registry.terraform.io/hashicorp/azurerm\"]",
      "instances": [
        {
          "schema_version": 0,
          "attributes": {
            "access": "Allow",
            "description": "Allow GatewayManager",
            "destination_address_prefix": "*",
            "destination_address_prefixes": [],
            "destination_application_security_group_ids": [],
            "destination_port_range": "443",
            "destination_port_ranges": [],
            "direction": "Inbound",
            "id": "/subscriptions/08af9d7a-c4a4-4858-827f-2a27ef8b6245/resourceGroups/rg-hub-spoke/providers/Microsoft.Network/networkSecurityGroups/vnet-hub-001-AzureBastionSubnet-nsg-westeurope/securityRules/AllowGatewayManager",
            "name": "AllowGatewayManager",
            "network_security_group_name": "vnet-hub-001-AzureBastionSubnet-nsg-westeurope",
            "priority": 2702,
            "protocol": "*",
            "resource_group_name": "rg-hub-spoke",
            "source_address_prefix": "GatewayManager",
            "source_address_prefixes": [],
            "source_application_security_group_ids": [],
            "source_port_range": "*",
            "source_port_ranges": [],
            "timeouts": {
              "create": null,
              "delete": null,
              "read": null,
              "update": null
            }
          },
          "sensitive_attributes": [],
          "private": "eyJlMmJmYjczMC1lY2FhLTExZTYtOGY4OC0zNDM2M2JjN2M0YzAiOnsiY3JlYXRlIjoxODAwMDAwMDAwMDAwLCJkZWxldGUiOjE4MDAwMDAwMDAwMDAsInJlYWQiOjMwMDAwMDAwMDAwMCwidXBkYXRlIjoxODAwMDAwMDAwMDAwfSwic2NoZW1hX3ZlcnNpb24iOiIwIn0="
        }
      ]
    },
    {
      "mode": "managed",
      "type": "azurerm_network_security_rule",
      "name": "res-22",
      "provider": "provider[\"registry.terraform.io/hashicorp/azurerm\"]",
      "instances": [
        {
          "schema_version": 0,
          "attributes": {
            "access": "Allow",
            "description": "Allow HTTPs",
            "destination_address_prefix": "*",
            "destination_address_prefixes": [],
            "destination_application_security_group_ids": [],
            "destination_port_range": "443",
            "destination_port_ranges": [],
            "direction": "Inbound",
            "id": "/subscriptions/08af9d7a-c4a4-4858-827f-2a27ef8b6245/resourceGroups/rg-hub-spoke/providers/Microsoft.Network/networkSecurityGroups/vnet-hub-001-AzureBastionSubnet-nsg-westeurope/securityRules/AllowHttpsInBound",
            "name": "AllowHttpsInBound",
            "network_security_group_name": "vnet-hub-001-AzureBastionSubnet-nsg-westeurope",
            "priority": 2703,
            "protocol": "*",
            "resource_group_name": "rg-hub-spoke",
            "source_address_prefix": "Internet",
            "source_address_prefixes": [],
            "source_application_security_group_ids": [],
            "source_port_range": "*",
            "source_port_ranges": [],
            "timeouts": {
              "create": null,
              "delete": null,
              "read": null,
              "update": null
            }
          },
          "sensitive_attributes": [],
          "private": "eyJlMmJmYjczMC1lY2FhLTExZTYtOGY4OC0zNDM2M2JjN2M0YzAiOnsiY3JlYXRlIjoxODAwMDAwMDAwMDAwLCJkZWxldGUiOjE4MDAwMDAwMDAwMDAsInJlYWQiOjMwMDAwMDAwMDAwMCwidXBkYXRlIjoxODAwMDAwMDAwMDAwfSwic2NoZW1hX3ZlcnNpb24iOiIwIn0="
        }
      ]
    },
    {
      "mode": "managed",
      "type": "azurerm_network_security_rule",
      "name": "res-23",
      "provider": "provider[\"registry.terraform.io/hashicorp/azurerm\"]",
      "instances": [
        {
          "schema_version": 0,
          "attributes": {
            "access": "Allow",
            "description": "CSS Governance Security Rule.  Allow SAW inbound.  https://aka.ms/casg",
            "destination_address_prefix": "*",
            "destination_address_prefixes": [],
            "destination_application_security_group_ids": [],
            "destination_port_range": "*",
            "destination_port_ranges": [],
            "direction": "Inbound",
            "id": "/subscriptions/08af9d7a-c4a4-4858-827f-2a27ef8b6245/resourceGroups/rg-hub-spoke/providers/Microsoft.Network/networkSecurityGroups/vnet-hub-001-AzureBastionSubnet-nsg-westeurope/securityRules/AllowSAW",
            "name": "AllowSAW",
            "network_security_group_name": "vnet-hub-001-AzureBastionSubnet-nsg-westeurope",
            "priority": 2701,
            "protocol": "*",
            "resource_group_name": "rg-hub-spoke",
            "source_address_prefix": "CorpNetSaw",
            "source_address_prefixes": [],
            "source_application_security_group_ids": [],
            "source_port_range": "*",
            "source_port_ranges": [],
            "timeouts": {
              "create": null,
              "delete": null,
              "read": null,
              "update": null
            }
          },
          "sensitive_attributes": [],
          "private": "eyJlMmJmYjczMC1lY2FhLTExZTYtOGY4OC0zNDM2M2JjN2M0YzAiOnsiY3JlYXRlIjoxODAwMDAwMDAwMDAwLCJkZWxldGUiOjE4MDAwMDAwMDAwMDAsInJlYWQiOjMwMDAwMDAwMDAwMCwidXBkYXRlIjoxODAwMDAwMDAwMDAwfSwic2NoZW1hX3ZlcnNpb24iOiIwIn0="
        }
      ]
    },
    {
      "mode": "managed",
      "type": "azurerm_network_security_rule",
      "name": "res-24",
      "provider": "provider[\"registry.terraform.io/hashicorp/azurerm\"]",
      "instances": [
        {
          "schema_version": 0,
          "attributes": {
            "access": "Allow",
            "description": "",
            "destination_address_prefix": "VirtualNetwork",
            "destination_address_prefixes": [],
            "destination_application_security_group_ids": [],
            "destination_port_range": "",
            "destination_port_ranges": [
              "22",
              "3389"
            ],
            "direction": "Outbound",
            "id": "/subscriptions/08af9d7a-c4a4-4858-827f-2a27ef8b6245/resourceGroups/rg-hub-spoke/providers/Microsoft.Network/networkSecurityGroups/vnet-hub-001-AzureBastionSubnet-nsg-westeurope/securityRules/AllowSshRdpOutbound",
            "name": "AllowSshRdpOutbound",
            "network_security_group_name": "vnet-hub-001-AzureBastionSubnet-nsg-westeurope",
            "priority": 100,
            "protocol": "*",
            "resource_group_name": "rg-hub-spoke",
            "source_address_prefix": "*",
            "source_address_prefixes": [],
            "source_application_security_group_ids": [],
            "source_port_range": "*",
            "source_port_ranges": [],
            "timeouts": {
              "create": null,
              "delete": null,
              "read": null,
              "update": null
            }
          },
          "sensitive_attributes": [],
          "private": "eyJlMmJmYjczMC1lY2FhLTExZTYtOGY4OC0zNDM2M2JjN2M0YzAiOnsiY3JlYXRlIjoxODAwMDAwMDAwMDAwLCJkZWxldGUiOjE4MDAwMDAwMDAwMDAsInJlYWQiOjMwMDAwMDAwMDAwMCwidXBkYXRlIjoxODAwMDAwMDAwMDAwfSwic2NoZW1hX3ZlcnNpb24iOiIwIn0="
        }
      ]
    },
    {
      "mode": "managed",
      "type": "azurerm_network_security_rule",
      "name": "res-26",
      "provider": "provider[\"registry.terraform.io/hashicorp/azurerm\"]",
      "instances": [
        {
          "schema_version": 0,
          "attributes": {
            "access": "Allow",
            "description": "CSS Governance Security Rule.  Allow Corpnet inbound.  https://aka.ms/casg",
            "destination_address_prefix": "*",
            "destination_address_prefixes": [],
            "destination_application_security_group_ids": [],
            "destination_port_range": "*",
            "destination_port_ranges": [],
            "direction": "Inbound",
            "id": "/subscriptions/08af9d7a-c4a4-4858-827f-2a27ef8b6245/resourceGroups/rg-hub-spoke/providers/Microsoft.Network/networkSecurityGroups/vnet-hub-001-snet-hub-nsg-westeurope/securityRules/AllowCorpnet",
            "name": "AllowCorpnet",
            "network_security_group_name": "vnet-hub-001-snet-hub-nsg-westeurope",
            "priority": 2700,
            "protocol": "*",
            "resource_group_name": "rg-hub-spoke",
            "source_address_prefix": "CorpNetPublic",
            "source_address_prefixes": [],
            "source_application_security_group_ids": [],
            "source_port_range": "*",
            "source_port_ranges": [],
            "timeouts": {
              "create": null,
              "delete": null,
              "read": null,
              "update": null
            }
          },
          "sensitive_attributes": [],
          "private": "eyJlMmJmYjczMC1lY2FhLTExZTYtOGY4OC0zNDM2M2JjN2M0YzAiOnsiY3JlYXRlIjoxODAwMDAwMDAwMDAwLCJkZWxldGUiOjE4MDAwMDAwMDAwMDAsInJlYWQiOjMwMDAwMDAwMDAwMCwidXBkYXRlIjoxODAwMDAwMDAwMDAwfSwic2NoZW1hX3ZlcnNpb24iOiIwIn0="
        }
      ]
    },
    {
      "mode": "managed",
      "type": "azurerm_network_security_rule",
      "name": "res-27",
      "provider": "provider[\"registry.terraform.io/hashicorp/azurerm\"]",
      "instances": [
        {
          "schema_version": 0,
          "attributes": {
            "access": "Allow",
            "description": "CSS Governance Security Rule.  Allow SAW inbound.  https://aka.ms/casg",
            "destination_address_prefix": "*",
            "destination_address_prefixes": [],
            "destination_application_security_group_ids": [],
            "destination_port_range": "*",
            "destination_port_ranges": [],
            "direction": "Inbound",
            "id": "/subscriptions/08af9d7a-c4a4-4858-827f-2a27ef8b6245/resourceGroups/rg-hub-spoke/providers/Microsoft.Network/networkSecurityGroups/vnet-hub-001-snet-hub-nsg-westeurope/securityRules/AllowSAW",
            "name": "AllowSAW",
            "network_security_group_name": "vnet-hub-001-snet-hub-nsg-westeurope",
            "priority": 2701,
            "protocol": "*",
            "resource_group_name": "rg-hub-spoke",
            "source_address_prefix": "CorpNetSaw",
            "source_address_prefixes": [],
            "source_application_security_group_ids": [],
            "source_port_range": "*",
            "source_port_ranges": [],
            "timeouts": {
              "create": null,
              "delete": null,
              "read": null,
              "update": null
            }
          },
          "sensitive_attributes": [],
          "private": "eyJlMmJmYjczMC1lY2FhLTExZTYtOGY4OC0zNDM2M2JjN2M0YzAiOnsiY3JlYXRlIjoxODAwMDAwMDAwMDAwLCJkZWxldGUiOjE4MDAwMDAwMDAwMDAsInJlYWQiOjMwMDAwMDAwMDAwMCwidXBkYXRlIjoxODAwMDAwMDAwMDAwfSwic2NoZW1hX3ZlcnNpb24iOiIwIn0="
        }
      ]
    },
    {
      "mode": "managed",
      "type": "azurerm_network_security_rule",
      "name": "res-29",
      "provider": "provider[\"registry.terraform.io/hashicorp/azurerm\"]",
      "instances": [
        {
          "schema_version": 0,
          "attributes": {
            "access": "Allow",
            "description": "CSS Governance Security Rule.  Allow Corpnet inbound.  https://aka.ms/casg",
            "destination_address_prefix": "*",
            "destination_address_prefixes": [],
            "destination_application_security_group_ids": [],
            "destination_port_range": "*",
            "destination_port_ranges": [],
            "direction": "Inbound",
            "id": "/subscriptions/08af9d7a-c4a4-4858-827f-2a27ef8b6245/resourceGroups/rg-hub-spoke/providers/Microsoft.Network/networkSecurityGroups/vnet-spoke-northeu-001-snet-vm-nsg-northeurope/securityRules/AllowCorpnet",
            "name": "AllowCorpnet",
            "network_security_group_name": "vnet-spoke-northeu-001-snet-vm-nsg-northeurope",
            "priority": 2700,
            "protocol": "*",
            "resource_group_name": "rg-hub-spoke",
            "source_address_prefix": "CorpNetPublic",
            "source_address_prefixes": [],
            "source_application_security_group_ids": [],
            "source_port_range": "*",
            "source_port_ranges": [],
            "timeouts": {
              "create": null,
              "delete": null,
              "read": null,
              "update": null
            }
          },
          "sensitive_attributes": [],
          "private": "eyJlMmJmYjczMC1lY2FhLTExZTYtOGY4OC0zNDM2M2JjN2M0YzAiOnsiY3JlYXRlIjoxODAwMDAwMDAwMDAwLCJkZWxldGUiOjE4MDAwMDAwMDAwMDAsInJlYWQiOjMwMDAwMDAwMDAwMCwidXBkYXRlIjoxODAwMDAwMDAwMDAwfSwic2NoZW1hX3ZlcnNpb24iOiIwIn0="
        }
      ]
    },
    {
      "mode": "managed",
      "type": "azurerm_network_security_rule",
      "name": "res-30",
      "provider": "provider[\"registry.terraform.io/hashicorp/azurerm\"]",
      "instances": [
        {
          "schema_version": 0,
          "attributes": {
            "access": "Allow",
            "description": "CSS Governance Security Rule.  Allow SAW inbound.  https://aka.ms/casg",
            "destination_address_prefix": "*",
            "destination_address_prefixes": [],
            "destination_application_security_group_ids": [],
            "destination_port_range": "*",
            "destination_port_ranges": [],
            "direction": "Inbound",
            "id": "/subscriptions/08af9d7a-c4a4-4858-827f-2a27ef8b6245/resourceGroups/rg-hub-spoke/providers/Microsoft.Network/networkSecurityGroups/vnet-spoke-northeu-001-snet-vm-nsg-northeurope/securityRules/AllowSAW",
            "name": "AllowSAW",
            "network_security_group_name": "vnet-spoke-northeu-001-snet-vm-nsg-northeurope",
            "priority": 2701,
            "protocol": "*",
            "resource_group_name": "rg-hub-spoke",
            "source_address_prefix": "CorpNetSaw",
            "source_address_prefixes": [],
            "source_application_security_group_ids": [],
            "source_port_range": "*",
            "source_port_ranges": [],
            "timeouts": {
              "create": null,
              "delete": null,
              "read": null,
              "update": null
            }
          },
          "sensitive_attributes": [],
          "private": "eyJlMmJmYjczMC1lY2FhLTExZTYtOGY4OC0zNDM2M2JjN2M0YzAiOnsiY3JlYXRlIjoxODAwMDAwMDAwMDAwLCJkZWxldGUiOjE4MDAwMDAwMDAwMDAsInJlYWQiOjMwMDAwMDAwMDAwMCwidXBkYXRlIjoxODAwMDAwMDAwMDAwfSwic2NoZW1hX3ZlcnNpb24iOiIwIn0="
        }
      ]
    },
    {
      "mode": "managed",
      "type": "azurerm_network_security_rule",
      "name": "res-31",
      "provider": "provider[\"registry.terraform.io/hashicorp/azurerm\"]",
      "instances": [
        {
          "schema_version": 0,
          "attributes": {
            "access": "Allow",
            "description": "",
            "destination_address_prefix": "*",
            "destination_address_prefixes": [],
            "destination_application_security_group_ids": [],
            "destination_port_range": "22",
            "destination_port_ranges": [],
            "direction": "Inbound",
            "id": "/subscriptions/08af9d7a-c4a4-4858-827f-2a27ef8b6245/resourceGroups/rg-hub-spoke/providers/Microsoft.Network/networkSecurityGroups/vnet-spoke-northeu-001-snet-vm-nsg-northeurope/securityRules/AllowTagSSHInbound",
            "name": "AllowTagSSHInbound",
            "network_security_group_name": "vnet-spoke-northeu-001-snet-vm-nsg-northeurope",
            "priority": 2711,
            "protocol": "Tcp",
            "resource_group_name": "rg-hub-spoke",
            "source_address_prefix": "VirtualNetwork",
            "source_address_prefixes": [],
            "source_application_security_group_ids": [],
            "source_port_range": "*",
            "source_port_ranges": [],
            "timeouts": {
              "create": null,
              "delete": null,
              "read": null,
              "update": null
            }
          },
          "sensitive_attributes": [],
          "private": "eyJlMmJmYjczMC1lY2FhLTExZTYtOGY4OC0zNDM2M2JjN2M0YzAiOnsiY3JlYXRlIjoxODAwMDAwMDAwMDAwLCJkZWxldGUiOjE4MDAwMDAwMDAwMDAsInJlYWQiOjMwMDAwMDAwMDAwMCwidXBkYXRlIjoxODAwMDAwMDAwMDAwfSwic2NoZW1hX3ZlcnNpb24iOiIwIn0="
        }
      ]
    },
    {
      "mode": "managed",
      "type": "azurerm_network_security_rule",
      "name": "res-33",
      "provider": "provider[\"registry.terraform.io/hashicorp/azurerm\"]",
      "instances": [
        {
          "schema_version": 0,
          "attributes": {
            "access": "Allow",
            "description": "CSS Governance Security Rule.  Allow Corpnet inbound.  https://aka.ms/casg",
            "destination_address_prefix": "*",
            "destination_address_prefixes": [],
            "destination_application_security_group_ids": [],
            "destination_port_range": "*",
            "destination_port_ranges": [],
            "direction": "Inbound",
            "id": "/subscriptions/08af9d7a-c4a4-4858-827f-2a27ef8b6245/resourceGroups/rg-hub-spoke/providers/Microsoft.Network/networkSecurityGroups/vnet-spoke-westeu-001-snet-vm-nsg-westeurope/securityRules/AllowCorpnet",
            "name": "AllowCorpnet",
            "network_security_group_name": "vnet-spoke-westeu-001-snet-vm-nsg-westeurope",
            "priority": 2700,
            "protocol": "*",
            "resource_group_name": "rg-hub-spoke",
            "source_address_prefix": "CorpNetPublic",
            "source_address_prefixes": [],
            "source_application_security_group_ids": [],
            "source_port_range": "*",
            "source_port_ranges": [],
            "timeouts": {
              "create": null,
              "delete": null,
              "read": null,
              "update": null
            }
          },
          "sensitive_attributes": [],
          "private": "eyJlMmJmYjczMC1lY2FhLTExZTYtOGY4OC0zNDM2M2JjN2M0YzAiOnsiY3JlYXRlIjoxODAwMDAwMDAwMDAwLCJkZWxldGUiOjE4MDAwMDAwMDAwMDAsInJlYWQiOjMwMDAwMDAwMDAwMCwidXBkYXRlIjoxODAwMDAwMDAwMDAwfSwic2NoZW1hX3ZlcnNpb24iOiIwIn0="
        }
      ]
    },
    {
      "mode": "managed",
      "type": "azurerm_network_security_rule",
      "name": "res-34",
      "provider": "provider[\"registry.terraform.io/hashicorp/azurerm\"]",
      "instances": [
        {
          "schema_version": 0,
          "attributes": {
            "access": "Allow",
            "description": "CSS Governance Security Rule.  Allow SAW inbound.  https://aka.ms/casg",
            "destination_address_prefix": "*",
            "destination_address_prefixes": [],
            "destination_application_security_group_ids": [],
            "destination_port_range": "*",
            "destination_port_ranges": [],
            "direction": "Inbound",
            "id": "/subscriptions/08af9d7a-c4a4-4858-827f-2a27ef8b6245/resourceGroups/rg-hub-spoke/providers/Microsoft.Network/networkSecurityGroups/vnet-spoke-westeu-001-snet-vm-nsg-westeurope/securityRules/AllowSAW",
            "name": "AllowSAW",
            "network_security_group_name": "vnet-spoke-westeu-001-snet-vm-nsg-westeurope",
            "priority": 2701,
            "protocol": "*",
            "resource_group_name": "rg-hub-spoke",
            "source_address_prefix": "CorpNetSaw",
            "source_address_prefixes": [],
            "source_application_security_group_ids": [],
            "source_port_range": "*",
            "source_port_ranges": [],
            "timeouts": {
              "create": null,
              "delete": null,
              "read": null,
              "update": null
            }
          },
          "sensitive_attributes": [],
          "private": "eyJlMmJmYjczMC1lY2FhLTExZTYtOGY4OC0zNDM2M2JjN2M0YzAiOnsiY3JlYXRlIjoxODAwMDAwMDAwMDAwLCJkZWxldGUiOjE4MDAwMDAwMDAwMDAsInJlYWQiOjMwMDAwMDAwMDAwMCwidXBkYXRlIjoxODAwMDAwMDAwMDAwfSwic2NoZW1hX3ZlcnNpb24iOiIwIn0="
        }
      ]
    },
    {
      "mode": "managed",
      "type": "azurerm_network_security_rule",
      "name": "res-35",
      "provider": "provider[\"registry.terraform.io/hashicorp/azurerm\"]",
      "instances": [
        {
          "schema_version": 0,
          "attributes": {
            "access": "Allow",
            "description": "",
            "destination_address_prefix": "*",
            "destination_address_prefixes": [],
            "destination_application_security_group_ids": [],
            "destination_port_range": "22",
            "destination_port_ranges": [],
            "direction": "Inbound",
            "id": "/subscriptions/08af9d7a-c4a4-4858-827f-2a27ef8b6245/resourceGroups/rg-hub-spoke/providers/Microsoft.Network/networkSecurityGroups/vnet-spoke-westeu-001-snet-vm-nsg-westeurope/securityRules/AllowTagSSHInbound",
            "name": "AllowTagSSHInbound",
            "network_security_group_name": "vnet-spoke-westeu-001-snet-vm-nsg-westeurope",
            "priority": 2711,
            "protocol": "Tcp",
            "resource_group_name": "rg-hub-spoke",
            "source_address_prefix": "VirtualNetwork",
            "source_address_prefixes": [],
            "source_application_security_group_ids": [],
            "source_port_range": "*",
            "source_port_ranges": [],
            "timeouts": {
              "create": null,
              "delete": null,
              "read": null,
              "update": null
            }
          },
          "sensitive_attributes": [],
          "private": "eyJlMmJmYjczMC1lY2FhLTExZTYtOGY4OC0zNDM2M2JjN2M0YzAiOnsiY3JlYXRlIjoxODAwMDAwMDAwMDAwLCJkZWxldGUiOjE4MDAwMDAwMDAwMDAsInJlYWQiOjMwMDAwMDAwMDAwMCwidXBkYXRlIjoxODAwMDAwMDAwMDAwfSwic2NoZW1hX3ZlcnNpb24iOiIwIn0="
        }
      ]
    },
    {
      "mode": "managed",
      "type": "azurerm_private_dns_a_record",
      "name": "res-37",
      "provider": "provider[\"registry.terraform.io/hashicorp/azurerm\"]",
      "instances": [
        {
          "schema_version": 0,
          "attributes": {
            "fqdn": "azsqltk.privatelink.database.windows.net.",
            "id": "/subscriptions/08af9d7a-c4a4-4858-827f-2a27ef8b6245/resourceGroups/rg-hub-spoke/providers/Microsoft.Network/privateDnsZones/privatelink.database.windows.net/A/azsqltk",
            "name": "azsqltk",
            "records": [
              "10.5.0.5"
            ],
            "resource_group_name": "rg-hub-spoke",
            "tags": {
              "creator": "created by private endpoint pe-sql with resource guid 37e57078-4e55-463b-b6b4-0ec692fd5f3e"
            },
            "timeouts": {
              "create": null,
              "delete": null,
              "read": null,
              "update": null
            },
            "ttl": 10,
            "zone_name": "privatelink.database.windows.net"
          },
          "sensitive_attributes": [],
          "private": "eyJlMmJmYjczMC1lY2FhLTExZTYtOGY4OC0zNDM2M2JjN2M0YzAiOnsiY3JlYXRlIjoxODAwMDAwMDAwMDAwLCJkZWxldGUiOjE4MDAwMDAwMDAwMDAsInJlYWQiOjMwMDAwMDAwMDAwMCwidXBkYXRlIjoxODAwMDAwMDAwMDAwfSwic2NoZW1hX3ZlcnNpb24iOiIwIn0="
        }
      ]
    },
    {
      "mode": "managed",
      "type": "azurerm_private_dns_zone",
      "name": "res-36",
      "provider": "provider[\"registry.terraform.io/hashicorp/azurerm\"]",
      "instances": [
        {
          "schema_version": 0,
          "attributes": {
            "id": "/subscriptions/08af9d7a-c4a4-4858-827f-2a27ef8b6245/resourceGroups/rg-hub-spoke/providers/Microsoft.Network/privateDnsZones/privatelink.database.windows.net",
            "max_number_of_record_sets": 25000,
            "max_number_of_virtual_network_links": 1000,
            "max_number_of_virtual_network_links_with_registration": 100,
            "name": "privatelink.database.windows.net",
            "number_of_record_sets": 2,
            "resource_group_name": "rg-hub-spoke",
            "soa_record": [
              {
                "email": "azureprivatedns-host.microsoft.com",
                "expire_time": 2419200,
                "fqdn": "privatelink.database.windows.net.",
                "host_name": "azureprivatedns.net",
                "minimum_ttl": 10,
                "refresh_time": 3600,
                "retry_time": 300,
                "serial_number": 1,
                "tags": {},
                "ttl": 3600
              }
            ],
            "tags": {},
            "timeouts": {
              "create": null,
              "delete": null,
              "read": null,
              "update": null
            }
          },
          "sensitive_attributes": [],
          "private": "eyJlMmJmYjczMC1lY2FhLTExZTYtOGY4OC0zNDM2M2JjN2M0YzAiOnsiY3JlYXRlIjoxODAwMDAwMDAwMDAwLCJkZWxldGUiOjE4MDAwMDAwMDAwMDAsInJlYWQiOjMwMDAwMDAwMDAwMCwidXBkYXRlIjoxODAwMDAwMDAwMDAwfSwic2NoZW1hX3ZlcnNpb24iOiIwIn0="
        }
      ]
    },
    {
      "mode": "managed",
      "type": "azurerm_private_dns_zone_virtual_network_link",
      "name": "res-39",
      "provider": "provider[\"registry.terraform.io/hashicorp/azurerm\"]",
      "instances": [
        {
          "schema_version": 0,
          "attributes": {
            "id": "/subscriptions/08af9d7a-c4a4-4858-827f-2a27ef8b6245/resourceGroups/rg-hub-spoke/providers/Microsoft.Network/privateDnsZones/privatelink.database.windows.net/virtualNetworkLinks/spoke-northeu",
            "name": "spoke-northeu",
            "private_dns_zone_name": "privatelink.database.windows.net",
            "registration_enabled": true,
            "resource_group_name": "rg-hub-spoke",
            "tags": {},
            "timeouts": {
              "create": null,
              "delete": null,
              "read": null,
              "update": null
            },
            "virtual_network_id": "/subscriptions/08af9d7a-c4a4-4858-827f-2a27ef8b6245/resourceGroups/rg-hub-spoke/providers/Microsoft.Network/virtualNetworks/vnet-spoke-northeu-001"
          },
          "sensitive_attributes": [],
          "private": "eyJlMmJmYjczMC1lY2FhLTExZTYtOGY4OC0zNDM2M2JjN2M0YzAiOnsiY3JlYXRlIjoxODAwMDAwMDAwMDAwLCJkZWxldGUiOjE4MDAwMDAwMDAwMDAsInJlYWQiOjMwMDAwMDAwMDAwMCwidXBkYXRlIjoxODAwMDAwMDAwMDAwfSwic2NoZW1hX3ZlcnNpb24iOiIwIn0="
        }
      ]
    },
    {
      "mode": "managed",
      "type": "azurerm_private_dns_zone_virtual_network_link",
      "name": "res-40",
      "provider": "provider[\"registry.terraform.io/hashicorp/azurerm\"]",
      "instances": [
        {
          "schema_version": 0,
          "attributes": {
            "id": "/subscriptions/08af9d7a-c4a4-4858-827f-2a27ef8b6245/resourceGroups/rg-hub-spoke/providers/Microsoft.Network/privateDnsZones/privatelink.database.windows.net/virtualNetworkLinks/spoke-westeu",
            "name": "spoke-westeu",
            "private_dns_zone_name": "privatelink.database.windows.net",
            "registration_enabled": true,
            "resource_group_name": "rg-hub-spoke",
            "tags": {},
            "timeouts": {
              "create": null,
              "delete": null,
              "read": null,
              "update": null
            },
            "virtual_network_id": "/subscriptions/08af9d7a-c4a4-4858-827f-2a27ef8b6245/resourceGroups/rg-hub-spoke/providers/Microsoft.Network/virtualNetworks/vnet-spoke-westeu-001"
          },
          "sensitive_attributes": [],
          "private": "eyJlMmJmYjczMC1lY2FhLTExZTYtOGY4OC0zNDM2M2JjN2M0YzAiOnsiY3JlYXRlIjoxODAwMDAwMDAwMDAwLCJkZWxldGUiOjE4MDAwMDAwMDAwMDAsInJlYWQiOjMwMDAwMDAwMDAwMCwidXBkYXRlIjoxODAwMDAwMDAwMDAwfSwic2NoZW1hX3ZlcnNpb24iOiIwIn0="
        }
      ]
    },
    {
      "mode": "managed",
      "type": "azurerm_private_endpoint",
      "name": "res-41",
      "provider": "provider[\"registry.terraform.io/hashicorp/azurerm\"]",
      "instances": [
        {
          "schema_version": 0,
          "attributes": {
            "custom_dns_configs": [],
            "custom_network_interface_name": "pe-sql-nic",
            "id": "/subscriptions/08af9d7a-c4a4-4858-827f-2a27ef8b6245/resourceGroups/rg-hub-spoke/providers/Microsoft.Network/privateEndpoints/pe-sql",
            "ip_configuration": [
              {
                "member_name": "sqlServer",
                "name": "pe-sql",
                "private_ip_address": "10.5.0.5",
                "subresource_name": "sqlServer"
              }
            ],
            "location": "westeurope",
            "name": "pe-sql",
            "network_interface": [
              {
                "id": "/subscriptions/08af9d7a-c4a4-4858-827f-2a27ef8b6245/resourceGroups/rg-hub-spoke/providers/Microsoft.Network/networkInterfaces/pe-sql-nic",
                "name": "pe-sql-nic"
              }
            ],
            "private_dns_zone_configs": [
              {
                "id": "/subscriptions/08af9d7a-c4a4-4858-827f-2a27ef8b6245/resourceGroups/rg-hub-spoke/providers/Microsoft.Network/privateEndpoints/pe-sql/privateDnsZoneGroups/default/privateDnsZoneConfigs/privatelink-database-windows-net",
                "name": "privatelink-database-windows-net",
                "private_dns_zone_id": "/subscriptions/08af9d7a-c4a4-4858-827f-2a27ef8b6245/resourceGroups/rg-hub-spoke/providers/Microsoft.Network/privateDnsZones/privatelink.database.windows.net",
                "record_sets": [
                  {
                    "fqdn": "azsqltk.privatelink.database.windows.net",
                    "ip_addresses": [
                      "10.5.0.5"
                    ],
                    "name": "azsqltk",
                    "ttl": 10,
                    "type": "A"
                  }
                ]
              }
            ],
            "private_dns_zone_group": [
              {
                "id": "/subscriptions/08af9d7a-c4a4-4858-827f-2a27ef8b6245/resourceGroups/rg-hub-spoke/providers/Microsoft.Network/privateEndpoints/pe-sql/privateDnsZoneGroups/default",
                "name": "default",
                "private_dns_zone_ids": [
                  "/subscriptions/08af9d7a-c4a4-4858-827f-2a27ef8b6245/resourceGroups/rg-hub-spoke/providers/Microsoft.Network/privateDnsZones/privatelink.database.windows.net"
                ]
              }
            ],
            "private_service_connection": [
              {
                "is_manual_connection": false,
                "name": "pe-sql",
                "private_connection_resource_alias": "",
                "private_connection_resource_id": "/subscriptions/08af9d7a-c4a4-4858-827f-2a27ef8b6245/resourceGroups/rg-hub-spoke/providers/Microsoft.Sql/servers/azsqltk",
                "private_ip_address": "10.5.0.5",
                "request_message": "",
                "subresource_names": [
                  "sqlServer"
                ]
              }
            ],
            "resource_group_name": "rg-hub-spoke",
            "subnet_id": "/subscriptions/08af9d7a-c4a4-4858-827f-2a27ef8b6245/resourceGroups/rg-hub-spoke/providers/Microsoft.Network/virtualNetworks/vnet-hub-001/subnets/snet-hub",
            "tags": {},
            "timeouts": {
              "create": null,
              "delete": null,
              "read": null,
              "update": null
            }
          },
          "sensitive_attributes": [],
          "private": "eyJlMmJmYjczMC1lY2FhLTExZTYtOGY4OC0zNDM2M2JjN2M0YzAiOnsiY3JlYXRlIjozNjAwMDAwMDAwMDAwLCJkZWxldGUiOjM2MDAwMDAwMDAwMDAsInJlYWQiOjMwMDAwMDAwMDAwMCwidXBkYXRlIjozNjAwMDAwMDAwMDAwfSwic2NoZW1hX3ZlcnNpb24iOiIwIn0="
        }
      ]
    },
    {
      "mode": "managed",
      "type": "azurerm_public_ip",
      "name": "res-43",
      "provider": "provider[\"registry.terraform.io/hashicorp/azurerm\"]",
      "instances": [
        {
          "schema_version": 0,
          "attributes": {
            "allocation_method": "Static",
            "ddos_protection_mode": "VirtualNetworkInherited",
            "ddos_protection_plan_id": null,
            "domain_name_label": null,
            "edge_zone": "",
            "fqdn": null,
            "id": "/subscriptions/08af9d7a-c4a4-4858-827f-2a27ef8b6245/resourceGroups/rg-hub-spoke/providers/Microsoft.Network/publicIPAddresses/vnet-hub-001-ip",
            "idle_timeout_in_minutes": 4,
            "ip_address": "20.16.56.178",
            "ip_tags": {},
            "ip_version": "IPv4",
            "location": "westeurope",
            "name": "vnet-hub-001-ip",
            "public_ip_prefix_id": null,
            "resource_group_name": "rg-hub-spoke",
            "reverse_fqdn": null,
            "sku": "Standard",
            "sku_tier": "Regional",
            "tags": {},
            "timeouts": {
              "create": null,
              "delete": null,
              "read": null,
              "update": null
            },
            "zones": []
          },
          "sensitive_attributes": [],
          "private": "eyJlMmJmYjczMC1lY2FhLTExZTYtOGY4OC0zNDM2M2JjN2M0YzAiOnsiY3JlYXRlIjoxODAwMDAwMDAwMDAwLCJkZWxldGUiOjE4MDAwMDAwMDAwMDAsInJlYWQiOjMwMDAwMDAwMDAwMCwidXBkYXRlIjoxODAwMDAwMDAwMDAwfSwic2NoZW1hX3ZlcnNpb24iOiIwIn0="
        }
      ]
    },
    {
      "mode": "managed",
      "type": "azurerm_resource_group",
      "name": "res-4",
      "provider": "provider[\"registry.terraform.io/hashicorp/azurerm\"]",
      "instances": [
        {
          "schema_version": 0,
          "attributes": {
            "id": "/subscriptions/08af9d7a-c4a4-4858-827f-2a27ef8b6245/resourceGroups/rg-hub-spoke",
            "location": "westeurope",
            "name": "rg-hub-spoke",
            "tags": {},
            "timeouts": {
              "create": null,
              "delete": null,
              "read": null,
              "update": null
            }
          },
          "sensitive_attributes": [],
          "private": "eyJlMmJmYjczMC1lY2FhLTExZTYtOGY4OC0zNDM2M2JjN2M0YzAiOnsiY3JlYXRlIjo1NDAwMDAwMDAwMDAwLCJkZWxldGUiOjU0MDAwMDAwMDAwMDAsInJlYWQiOjMwMDAwMDAwMDAwMCwidXBkYXRlIjo1NDAwMDAwMDAwMDAwfSwic2NoZW1hX3ZlcnNpb24iOiIwIn0="
        }
      ]
    },
    {
      "mode": "managed",
      "type": "azurerm_sql_active_directory_administrator",
      "name": "res-60",
      "provider": "provider[\"registry.terraform.io/hashicorp/azurerm\"]",
      "instances": [
        {
          "schema_version": 1,
          "attributes": {
            "azuread_authentication_only": false,
            "id": "/subscriptions/08af9d7a-c4a4-4858-827f-2a27ef8b6245/resourceGroups/rg-hub-spoke/providers/Microsoft.Sql/servers/azsqltk/administrators/ActiveDirectory",
            "login": "timo.knapp_microsoft.com#EXT#@fdpo.onmicrosoft.com",
            "object_id": "91bf285c-b3de-4482-873d-a57edafb15e9",
            "resource_group_name": "rg-hub-spoke",
            "server_name": "azsqltk",
            "tenant_id": "16b3c013-d300-468d-ac64-7eda0820b6d3",
            "timeouts": {
              "create": null,
              "delete": null,
              "read": null,
              "update": null
            }
          },
          "sensitive_attributes": [],
          "private": "eyJlMmJmYjczMC1lY2FhLTExZTYtOGY4OC0zNDM2M2JjN2M0YzAiOnsiY3JlYXRlIjoxODAwMDAwMDAwMDAwLCJkZWxldGUiOjE4MDAwMDAwMDAwMDAsInJlYWQiOjMwMDAwMDAwMDAwMCwidXBkYXRlIjoxODAwMDAwMDAwMDAwfSwic2NoZW1hX3ZlcnNpb24iOiIxIn0="
        }
      ]
    },
    {
      "mode": "managed",
      "type": "azurerm_subnet",
      "name": "res-45",
      "provider": "provider[\"registry.terraform.io/hashicorp/azurerm\"]",
      "instances": [
        {
          "schema_version": 0,
          "attributes": {
            "address_prefixes": [
              "10.5.0.128/26"
            ],
            "delegation": [],
            "enforce_private_link_endpoint_network_policies": true,
            "enforce_private_link_service_network_policies": false,
            "id": "/subscriptions/08af9d7a-c4a4-4858-827f-2a27ef8b6245/resourceGroups/rg-hub-spoke/providers/Microsoft.Network/virtualNetworks/vnet-hub-001/subnets/AzureBastionSubnet",
            "name": "AzureBastionSubnet",
            "private_endpoint_network_policies_enabled": false,
            "private_link_service_network_policies_enabled": true,
            "resource_group_name": "rg-hub-spoke",
            "service_endpoint_policy_ids": [],
            "service_endpoints": [],
            "timeouts": {
              "create": null,
              "delete": null,
              "read": null,
              "update": null
            },
            "virtual_network_name": "vnet-hub-001"
          },
          "sensitive_attributes": [],
          "private": "eyJlMmJmYjczMC1lY2FhLTExZTYtOGY4OC0zNDM2M2JjN2M0YzAiOnsiY3JlYXRlIjoxODAwMDAwMDAwMDAwLCJkZWxldGUiOjE4MDAwMDAwMDAwMDAsInJlYWQiOjMwMDAwMDAwMDAwMCwidXBkYXRlIjoxODAwMDAwMDAwMDAwfSwic2NoZW1hX3ZlcnNpb24iOiIwIn0="
        }
      ]
    },
    {
      "mode": "managed",
      "type": "azurerm_subnet",
      "name": "res-47",
      "provider": "provider[\"registry.terraform.io/hashicorp/azurerm\"]",
      "instances": [
        {
          "schema_version": 0,
          "attributes": {
            "address_prefixes": [
              "10.5.0.0/25"
            ],
            "delegation": [],
            "enforce_private_link_endpoint_network_policies": true,
            "enforce_private_link_service_network_policies": false,
            "id": "/subscriptions/08af9d7a-c4a4-4858-827f-2a27ef8b6245/resourceGroups/rg-hub-spoke/providers/Microsoft.Network/virtualNetworks/vnet-hub-001/subnets/snet-hub",
            "name": "snet-hub",
            "private_endpoint_network_policies_enabled": false,
            "private_link_service_network_policies_enabled": true,
            "resource_group_name": "rg-hub-spoke",
            "service_endpoint_policy_ids": [],
            "service_endpoints": [
              "Microsoft.Sql"
            ],
            "timeouts": {
              "create": null,
              "delete": null,
              "read": null,
              "update": null
            },
            "virtual_network_name": "vnet-hub-001"
          },
          "sensitive_attributes": [],
          "private": "eyJlMmJmYjczMC1lY2FhLTExZTYtOGY4OC0zNDM2M2JjN2M0YzAiOnsiY3JlYXRlIjoxODAwMDAwMDAwMDAwLCJkZWxldGUiOjE4MDAwMDAwMDAwMDAsInJlYWQiOjMwMDAwMDAwMDAwMCwidXBkYXRlIjoxODAwMDAwMDAwMDAwfSwic2NoZW1hX3ZlcnNpb24iOiIwIn0="
        }
      ]
    },
    {
      "mode": "managed",
      "type": "azurerm_subnet",
      "name": "res-52",
      "provider": "provider[\"registry.terraform.io/hashicorp/azurerm\"]",
      "instances": [
        {
          "schema_version": 0,
          "attributes": {
            "address_prefixes": [
              "10.10.0.0/25"
            ],
            "delegation": [],
            "enforce_private_link_endpoint_network_policies": true,
            "enforce_private_link_service_network_policies": false,
            "id": "/subscriptions/08af9d7a-c4a4-4858-827f-2a27ef8b6245/resourceGroups/rg-hub-spoke/providers/Microsoft.Network/virtualNetworks/vnet-spoke-northeu-001/subnets/snet-vm",
            "name": "snet-vm",
            "private_endpoint_network_policies_enabled": false,
            "private_link_service_network_policies_enabled": true,
            "resource_group_name": "rg-hub-spoke",
            "service_endpoint_policy_ids": [],
            "service_endpoints": [],
            "timeouts": {
              "create": null,
              "delete": null,
              "read": null,
              "update": null
            },
            "virtual_network_name": "vnet-spoke-northeu-001"
          },
          "sensitive_attributes": [],
          "private": "eyJlMmJmYjczMC1lY2FhLTExZTYtOGY4OC0zNDM2M2JjN2M0YzAiOnsiY3JlYXRlIjoxODAwMDAwMDAwMDAwLCJkZWxldGUiOjE4MDAwMDAwMDAwMDAsInJlYWQiOjMwMDAwMDAwMDAwMCwidXBkYXRlIjoxODAwMDAwMDAwMDAwfSwic2NoZW1hX3ZlcnNpb24iOiIwIn0="
        }
      ]
    },
    {
      "mode": "managed",
      "type": "azurerm_subnet",
      "name": "res-56",
      "provider": "provider[\"registry.terraform.io/hashicorp/azurerm\"]",
      "instances": [
        {
          "schema_version": 0,
          "attributes": {
            "address_prefixes": [
              "10.20.0.0/25"
            ],
            "delegation": [],
            "enforce_private_link_endpoint_network_policies": true,
            "enforce_private_link_service_network_policies": false,
            "id": "/subscriptions/08af9d7a-c4a4-4858-827f-2a27ef8b6245/resourceGroups/rg-hub-spoke/providers/Microsoft.Network/virtualNetworks/vnet-spoke-westeu-001/subnets/snet-vm",
            "name": "snet-vm",
            "private_endpoint_network_policies_enabled": false,
            "private_link_service_network_policies_enabled": true,
            "resource_group_name": "rg-hub-spoke",
            "service_endpoint_policy_ids": [],
            "service_endpoints": [],
            "timeouts": {
              "create": null,
              "delete": null,
              "read": null,
              "update": null
            },
            "virtual_network_name": "vnet-spoke-westeu-001"
          },
          "sensitive_attributes": [],
          "private": "eyJlMmJmYjczMC1lY2FhLTExZTYtOGY4OC0zNDM2M2JjN2M0YzAiOnsiY3JlYXRlIjoxODAwMDAwMDAwMDAwLCJkZWxldGUiOjE4MDAwMDAwMDAwMDAsInJlYWQiOjMwMDAwMDAwMDAwMCwidXBkYXRlIjoxODAwMDAwMDAwMDAwfSwic2NoZW1hX3ZlcnNpb24iOiIwIn0="
        }
      ]
    },
    {
      "mode": "managed",
      "type": "azurerm_subnet_network_security_group_association",
      "name": "res-46",
      "provider": "provider[\"registry.terraform.io/hashicorp/azurerm\"]",
      "instances": [
        {
          "schema_version": 0,
          "attributes": {
            "id": "/subscriptions/08af9d7a-c4a4-4858-827f-2a27ef8b6245/resourceGroups/rg-hub-spoke/providers/Microsoft.Network/virtualNetworks/vnet-hub-001/subnets/AzureBastionSubnet",
            "network_security_group_id": "/subscriptions/08af9d7a-c4a4-4858-827f-2a27ef8b6245/resourceGroups/rg-hub-spoke/providers/Microsoft.Network/networkSecurityGroups/vnet-hub-001-AzureBastionSubnet-nsg-westeurope",
            "subnet_id": "/subscriptions/08af9d7a-c4a4-4858-827f-2a27ef8b6245/resourceGroups/rg-hub-spoke/providers/Microsoft.Network/virtualNetworks/vnet-hub-001/subnets/AzureBastionSubnet",
            "timeouts": {
              "create": null,
              "delete": null,
              "read": null,
              "update": null
            }
          },
          "sensitive_attributes": [],
          "private": "eyJlMmJmYjczMC1lY2FhLTExZTYtOGY4OC0zNDM2M2JjN2M0YzAiOnsiY3JlYXRlIjoxODAwMDAwMDAwMDAwLCJkZWxldGUiOjE4MDAwMDAwMDAwMDAsInJlYWQiOjMwMDAwMDAwMDAwMCwidXBkYXRlIjoxODAwMDAwMDAwMDAwfSwic2NoZW1hX3ZlcnNpb24iOiIwIn0="
        }
      ]
    },
    {
      "mode": "managed",
      "type": "azurerm_subnet_network_security_group_association",
      "name": "res-48",
      "provider": "provider[\"registry.terraform.io/hashicorp/azurerm\"]",
      "instances": [
        {
          "schema_version": 0,
          "attributes": {
            "id": "/subscriptions/08af9d7a-c4a4-4858-827f-2a27ef8b6245/resourceGroups/rg-hub-spoke/providers/Microsoft.Network/virtualNetworks/vnet-hub-001/subnets/snet-hub",
            "network_security_group_id": "/subscriptions/08af9d7a-c4a4-4858-827f-2a27ef8b6245/resourceGroups/rg-hub-spoke/providers/Microsoft.Network/networkSecurityGroups/vnet-hub-001-snet-hub-nsg-westeurope",
            "subnet_id": "/subscriptions/08af9d7a-c4a4-4858-827f-2a27ef8b6245/resourceGroups/rg-hub-spoke/providers/Microsoft.Network/virtualNetworks/vnet-hub-001/subnets/snet-hub",
            "timeouts": {
              "create": null,
              "delete": null,
              "read": null,
              "update": null
            }
          },
          "sensitive_attributes": [],
          "private": "eyJlMmJmYjczMC1lY2FhLTExZTYtOGY4OC0zNDM2M2JjN2M0YzAiOnsiY3JlYXRlIjoxODAwMDAwMDAwMDAwLCJkZWxldGUiOjE4MDAwMDAwMDAwMDAsInJlYWQiOjMwMDAwMDAwMDAwMCwidXBkYXRlIjoxODAwMDAwMDAwMDAwfSwic2NoZW1hX3ZlcnNpb24iOiIwIn0="
        }
      ]
    },
    {
      "mode": "managed",
      "type": "azurerm_subnet_network_security_group_association",
      "name": "res-53",
      "provider": "provider[\"registry.terraform.io/hashicorp/azurerm\"]",
      "instances": [
        {
          "schema_version": 0,
          "attributes": {
            "id": "/subscriptions/08af9d7a-c4a4-4858-827f-2a27ef8b6245/resourceGroups/rg-hub-spoke/providers/Microsoft.Network/virtualNetworks/vnet-spoke-northeu-001/subnets/snet-vm",
            "network_security_group_id": "/subscriptions/08af9d7a-c4a4-4858-827f-2a27ef8b6245/resourceGroups/rg-hub-spoke/providers/Microsoft.Network/networkSecurityGroups/vnet-spoke-northeu-001-snet-vm-nsg-northeurope",
            "subnet_id": "/subscriptions/08af9d7a-c4a4-4858-827f-2a27ef8b6245/resourceGroups/rg-hub-spoke/providers/Microsoft.Network/virtualNetworks/vnet-spoke-northeu-001/subnets/snet-vm",
            "timeouts": {
              "create": null,
              "delete": null,
              "read": null,
              "update": null
            }
          },
          "sensitive_attributes": [],
          "private": "eyJlMmJmYjczMC1lY2FhLTExZTYtOGY4OC0zNDM2M2JjN2M0YzAiOnsiY3JlYXRlIjoxODAwMDAwMDAwMDAwLCJkZWxldGUiOjE4MDAwMDAwMDAwMDAsInJlYWQiOjMwMDAwMDAwMDAwMCwidXBkYXRlIjoxODAwMDAwMDAwMDAwfSwic2NoZW1hX3ZlcnNpb24iOiIwIn0="
        }
      ]
    },
    {
      "mode": "managed",
      "type": "azurerm_subnet_network_security_group_association",
      "name": "res-57",
      "provider": "provider[\"registry.terraform.io/hashicorp/azurerm\"]",
      "instances": [
        {
          "schema_version": 0,
          "attributes": {
            "id": "/subscriptions/08af9d7a-c4a4-4858-827f-2a27ef8b6245/resourceGroups/rg-hub-spoke/providers/Microsoft.Network/virtualNetworks/vnet-spoke-westeu-001/subnets/snet-vm",
            "network_security_group_id": "/subscriptions/08af9d7a-c4a4-4858-827f-2a27ef8b6245/resourceGroups/rg-hub-spoke/providers/Microsoft.Network/networkSecurityGroups/vnet-spoke-westeu-001-snet-vm-nsg-westeurope",
            "subnet_id": "/subscriptions/08af9d7a-c4a4-4858-827f-2a27ef8b6245/resourceGroups/rg-hub-spoke/providers/Microsoft.Network/virtualNetworks/vnet-spoke-westeu-001/subnets/snet-vm",
            "timeouts": {
              "create": null,
              "delete": null,
              "read": null,
              "update": null
            }
          },
          "sensitive_attributes": [],
          "private": "eyJlMmJmYjczMC1lY2FhLTExZTYtOGY4OC0zNDM2M2JjN2M0YzAiOnsiY3JlYXRlIjoxODAwMDAwMDAwMDAwLCJkZWxldGUiOjE4MDAwMDAwMDAwMDAsInJlYWQiOjMwMDAwMDAwMDAwMCwidXBkYXRlIjoxODAwMDAwMDAwMDAwfSwic2NoZW1hX3ZlcnNpb24iOiIwIn0="
        }
      ]
    },
    {
      "mode": "managed",
      "type": "azurerm_virtual_machine_extension",
      "name": "res-0",
      "provider": "provider[\"registry.terraform.io/hashicorp/azurerm\"]",
      "instances": [
        {
          "schema_version": 0,
          "attributes": {
            "auto_upgrade_minor_version": true,
            "automatic_upgrade_enabled": false,
            "failure_suppression_enabled": false,
            "id": "/subscriptions/08af9d7a-c4a4-4858-827f-2a27ef8b6245/resourceGroups/RG-HUB-SPOKE/providers/Microsoft.Compute/virtualMachines/client-vm-spoke-northeu/extensions/MDE.Linux",
            "name": "MDE.Linux",
            "protected_settings": null,
            "protected_settings_from_key_vault": [],
            "publisher": "Microsoft.Azure.AzureDefenderForServers",
            "settings": "{\"autoUpdate\":true,\"azureResourceId\":\"/subscriptions/08af9d7a-c4a4-4858-827f-2a27ef8b6245/resourceGroups/RG-HUB-SPOKE/providers/Microsoft.Compute/virtualMachines/client-vm-spoke-northeu\",\"forceReOnboarding\":false,\"vNextEnabled\":false}",
            "tags": {},
            "timeouts": {
              "create": null,
              "delete": null,
              "read": null,
              "update": null
            },
            "type": "MDE.Linux",
            "type_handler_version": "1.0",
            "virtual_machine_id": "/subscriptions/08af9d7a-c4a4-4858-827f-2a27ef8b6245/resourceGroups/RG-HUB-SPOKE/providers/Microsoft.Compute/virtualMachines/client-vm-spoke-northeu"
          },
          "sensitive_attributes": [],
          "private": "eyJlMmJmYjczMC1lY2FhLTExZTYtOGY4OC0zNDM2M2JjN2M0YzAiOnsiY3JlYXRlIjoxODAwMDAwMDAwMDAwLCJkZWxldGUiOjE4MDAwMDAwMDAwMDAsInJlYWQiOjMwMDAwMDAwMDAwMCwidXBkYXRlIjoxODAwMDAwMDAwMDAwfSwic2NoZW1hX3ZlcnNpb24iOiIwIn0="
        }
      ]
    },
    {
      "mode": "managed",
      "type": "azurerm_virtual_machine_extension",
      "name": "res-1",
      "provider": "provider[\"registry.terraform.io/hashicorp/azurerm\"]",
      "instances": [
        {
          "schema_version": 0,
          "attributes": {
            "auto_upgrade_minor_version": true,
            "automatic_upgrade_enabled": false,
            "failure_suppression_enabled": false,
            "id": "/subscriptions/08af9d7a-c4a4-4858-827f-2a27ef8b6245/resourceGroups/RG-HUB-SPOKE/providers/Microsoft.Compute/virtualMachines/client-vm-spoke-northeu/extensions/enablevmaccess",
            "name": "enablevmaccess",
            "protected_settings": null,
            "protected_settings_from_key_vault": [],
            "publisher": "Microsoft.OSTCExtensions",
            "settings": "",
            "tags": {},
            "timeouts": {
              "create": null,
              "delete": null,
              "read": null,
              "update": null
            },
            "type": "VMAccessForLinux",
            "type_handler_version": "1.4",
            "virtual_machine_id": "/subscriptions/08af9d7a-c4a4-4858-827f-2a27ef8b6245/resourceGroups/RG-HUB-SPOKE/providers/Microsoft.Compute/virtualMachines/client-vm-spoke-northeu"
          },
          "sensitive_attributes": [],
          "private": "eyJlMmJmYjczMC1lY2FhLTExZTYtOGY4OC0zNDM2M2JjN2M0YzAiOnsiY3JlYXRlIjoxODAwMDAwMDAwMDAwLCJkZWxldGUiOjE4MDAwMDAwMDAwMDAsInJlYWQiOjMwMDAwMDAwMDAwMCwidXBkYXRlIjoxODAwMDAwMDAwMDAwfSwic2NoZW1hX3ZlcnNpb24iOiIwIn0="
        }
      ]
    },
    {
      "mode": "managed",
      "type": "azurerm_virtual_machine_extension",
      "name": "res-2",
      "provider": "provider[\"registry.terraform.io/hashicorp/azurerm\"]",
      "instances": [
        {
          "schema_version": 0,
          "attributes": {
            "auto_upgrade_minor_version": true,
            "automatic_upgrade_enabled": false,
            "failure_suppression_enabled": false,
            "id": "/subscriptions/08af9d7a-c4a4-4858-827f-2a27ef8b6245/resourceGroups/RG-HUB-SPOKE/providers/Microsoft.Compute/virtualMachines/client-vm-westeu/extensions/MDE.Linux",
            "name": "MDE.Linux",
            "protected_settings": null,
            "protected_settings_from_key_vault": [],
            "publisher": "Microsoft.Azure.AzureDefenderForServers",
            "settings": "{\"autoUpdate\":true,\"azureResourceId\":\"/subscriptions/08af9d7a-c4a4-4858-827f-2a27ef8b6245/resourceGroups/RG-HUB-SPOKE/providers/Microsoft.Compute/virtualMachines/client-vm-westeu\",\"forceReOnboarding\":false,\"vNextEnabled\":false}",
            "tags": {},
            "timeouts": {
              "create": null,
              "delete": null,
              "read": null,
              "update": null
            },
            "type": "MDE.Linux",
            "type_handler_version": "1.0",
            "virtual_machine_id": "/subscriptions/08af9d7a-c4a4-4858-827f-2a27ef8b6245/resourceGroups/RG-HUB-SPOKE/providers/Microsoft.Compute/virtualMachines/client-vm-westeu"
          },
          "sensitive_attributes": [],
          "private": "eyJlMmJmYjczMC1lY2FhLTExZTYtOGY4OC0zNDM2M2JjN2M0YzAiOnsiY3JlYXRlIjoxODAwMDAwMDAwMDAwLCJkZWxldGUiOjE4MDAwMDAwMDAwMDAsInJlYWQiOjMwMDAwMDAwMDAwMCwidXBkYXRlIjoxODAwMDAwMDAwMDAwfSwic2NoZW1hX3ZlcnNpb24iOiIwIn0="
        }
      ]
    },
    {
      "mode": "managed",
      "type": "azurerm_virtual_machine_extension",
      "name": "res-3",
      "provider": "provider[\"registry.terraform.io/hashicorp/azurerm\"]",
      "instances": [
        {
          "schema_version": 0,
          "attributes": {
            "auto_upgrade_minor_version": true,
            "automatic_upgrade_enabled": false,
            "failure_suppression_enabled": false,
            "id": "/subscriptions/08af9d7a-c4a4-4858-827f-2a27ef8b6245/resourceGroups/RG-HUB-SPOKE/providers/Microsoft.Compute/virtualMachines/client-vm-westeu/extensions/OmsAgentForLinux",
            "name": "OmsAgentForLinux",
            "protected_settings": null,
            "protected_settings_from_key_vault": [],
            "publisher": "Microsoft.EnterpriseCloud.Monitoring",
            "settings": "{\"workspaceId\":\"0e1bb826-3302-4440-99c9-d055c3e8b1cc\"}",
            "tags": {},
            "timeouts": {
              "create": null,
              "delete": null,
              "read": null,
              "update": null
            },
            "type": "OmsAgentForLinux",
            "type_handler_version": "1.0",
            "virtual_machine_id": "/subscriptions/08af9d7a-c4a4-4858-827f-2a27ef8b6245/resourceGroups/RG-HUB-SPOKE/providers/Microsoft.Compute/virtualMachines/client-vm-westeu"
          },
          "sensitive_attributes": [],
          "private": "eyJlMmJmYjczMC1lY2FhLTExZTYtOGY4OC0zNDM2M2JjN2M0YzAiOnsiY3JlYXRlIjoxODAwMDAwMDAwMDAwLCJkZWxldGUiOjE4MDAwMDAwMDAwMDAsInJlYWQiOjMwMDAwMDAwMDAwMCwidXBkYXRlIjoxODAwMDAwMDAwMDAwfSwic2NoZW1hX3ZlcnNpb24iOiIwIn0="
        }
      ]
    },
    {
      "mode": "managed",
      "type": "azurerm_virtual_machine_extension",
      "name": "res-7",
      "provider": "provider[\"registry.terraform.io/hashicorp/azurerm\"]",
      "instances": [
        {
          "schema_version": 0,
          "attributes": {
            "auto_upgrade_minor_version": true,
            "automatic_upgrade_enabled": false,
            "failure_suppression_enabled": false,
            "id": "/subscriptions/08af9d7a-c4a4-4858-827f-2a27ef8b6245/resourceGroups/rg-hub-spoke/providers/Microsoft.Compute/virtualMachines/client-vm-westeu/extensions/enablevmaccess",
            "name": "enablevmaccess",
            "protected_settings": null,
            "protected_settings_from_key_vault": [],
            "publisher": "Microsoft.OSTCExtensions",
            "settings": "",
            "tags": {},
            "timeouts": {
              "create": null,
              "delete": null,
              "read": null,
              "update": null
            },
            "type": "VMAccessForLinux",
            "type_handler_version": "1.4",
            "virtual_machine_id": "/subscriptions/08af9d7a-c4a4-4858-827f-2a27ef8b6245/resourceGroups/rg-hub-spoke/providers/Microsoft.Compute/virtualMachines/client-vm-westeu"
          },
          "sensitive_attributes": [],
          "private": "eyJlMmJmYjczMC1lY2FhLTExZTYtOGY4OC0zNDM2M2JjN2M0YzAiOnsiY3JlYXRlIjoxODAwMDAwMDAwMDAwLCJkZWxldGUiOjE4MDAwMDAwMDAwMDAsInJlYWQiOjMwMDAwMDAwMDAwMCwidXBkYXRlIjoxODAwMDAwMDAwMDAwfSwic2NoZW1hX3ZlcnNpb24iOiIwIn0="
        }
      ]
    },
    {
      "mode": "managed",
      "type": "azurerm_virtual_network",
      "name": "res-44",
      "provider": "provider[\"registry.terraform.io/hashicorp/azurerm\"]",
      "instances": [
        {
          "schema_version": 0,
          "attributes": {
            "address_space": [
              "10.5.0.0/24"
            ],
            "bgp_community": "",
            "ddos_protection_plan": [],
            "dns_servers": [],
            "edge_zone": "",
            "flow_timeout_in_minutes": 0,
            "guid": "e01506fd-9dad-4236-8d6e-e53be872af31",
            "id": "/subscriptions/08af9d7a-c4a4-4858-827f-2a27ef8b6245/resourceGroups/rg-hub-spoke/providers/Microsoft.Network/virtualNetworks/vnet-hub-001",
            "location": "westeurope",
            "name": "vnet-hub-001",
            "resource_group_name": "rg-hub-spoke",
            "subnet": [
              {
                "address_prefix": "10.5.0.0/25",
                "id": "/subscriptions/08af9d7a-c4a4-4858-827f-2a27ef8b6245/resourceGroups/rg-hub-spoke/providers/Microsoft.Network/virtualNetworks/vnet-hub-001/subnets/snet-hub",
                "name": "snet-hub",
                "security_group": "/subscriptions/08af9d7a-c4a4-4858-827f-2a27ef8b6245/resourceGroups/rg-hub-spoke/providers/Microsoft.Network/networkSecurityGroups/vnet-hub-001-snet-hub-nsg-westeurope"
              },
              {
                "address_prefix": "10.5.0.128/26",
                "id": "/subscriptions/08af9d7a-c4a4-4858-827f-2a27ef8b6245/resourceGroups/rg-hub-spoke/providers/Microsoft.Network/virtualNetworks/vnet-hub-001/subnets/AzureBastionSubnet",
                "name": "AzureBastionSubnet",
                "security_group": "/subscriptions/08af9d7a-c4a4-4858-827f-2a27ef8b6245/resourceGroups/rg-hub-spoke/providers/Microsoft.Network/networkSecurityGroups/vnet-hub-001-AzureBastionSubnet-nsg-westeurope"
              }
            ],
            "tags": {},
            "timeouts": {
              "create": null,
              "delete": null,
              "read": null,
              "update": null
            }
          },
          "sensitive_attributes": [],
          "private": "eyJlMmJmYjczMC1lY2FhLTExZTYtOGY4OC0zNDM2M2JjN2M0YzAiOnsiY3JlYXRlIjoxODAwMDAwMDAwMDAwLCJkZWxldGUiOjE4MDAwMDAwMDAwMDAsInJlYWQiOjMwMDAwMDAwMDAwMCwidXBkYXRlIjoxODAwMDAwMDAwMDAwfSwic2NoZW1hX3ZlcnNpb24iOiIwIn0="
        }
      ]
    },
    {
      "mode": "managed",
      "type": "azurerm_virtual_network",
      "name": "res-51",
      "provider": "provider[\"registry.terraform.io/hashicorp/azurerm\"]",
      "instances": [
        {
          "schema_version": 0,
          "attributes": {
            "address_space": [
              "10.10.0.0/24"
            ],
            "bgp_community": "",
            "ddos_protection_plan": [],
            "dns_servers": [],
            "edge_zone": "",
            "flow_timeout_in_minutes": 0,
            "guid": "29e84335-c1d5-4da1-b0ee-7135198d2fe6",
            "id": "/subscriptions/08af9d7a-c4a4-4858-827f-2a27ef8b6245/resourceGroups/rg-hub-spoke/providers/Microsoft.Network/virtualNetworks/vnet-spoke-northeu-001",
            "location": "northeurope",
            "name": "vnet-spoke-northeu-001",
            "resource_group_name": "rg-hub-spoke",
            "subnet": [
              {
                "address_prefix": "10.10.0.0/25",
                "id": "/subscriptions/08af9d7a-c4a4-4858-827f-2a27ef8b6245/resourceGroups/rg-hub-spoke/providers/Microsoft.Network/virtualNetworks/vnet-spoke-northeu-001/subnets/snet-vm",
                "name": "snet-vm",
                "security_group": "/subscriptions/08af9d7a-c4a4-4858-827f-2a27ef8b6245/resourceGroups/rg-hub-spoke/providers/Microsoft.Network/networkSecurityGroups/vnet-spoke-northeu-001-snet-vm-nsg-northeurope"
              }
            ],
            "tags": {},
            "timeouts": {
              "create": null,
              "delete": null,
              "read": null,
              "update": null
            }
          },
          "sensitive_attributes": [],
          "private": "eyJlMmJmYjczMC1lY2FhLTExZTYtOGY4OC0zNDM2M2JjN2M0YzAiOnsiY3JlYXRlIjoxODAwMDAwMDAwMDAwLCJkZWxldGUiOjE4MDAwMDAwMDAwMDAsInJlYWQiOjMwMDAwMDAwMDAwMCwidXBkYXRlIjoxODAwMDAwMDAwMDAwfSwic2NoZW1hX3ZlcnNpb24iOiIwIn0="
        }
      ]
    },
    {
      "mode": "managed",
      "type": "azurerm_virtual_network",
      "name": "res-55",
      "provider": "provider[\"registry.terraform.io/hashicorp/azurerm\"]",
      "instances": [
        {
          "schema_version": 0,
          "attributes": {
            "address_space": [
              "10.20.0.0/24"
            ],
            "bgp_community": "",
            "ddos_protection_plan": [],
            "dns_servers": [],
            "edge_zone": "",
            "flow_timeout_in_minutes": 0,
            "guid": "af0e9561-13ff-46a9-88e9-b0a0b439edb9",
            "id": "/subscriptions/08af9d7a-c4a4-4858-827f-2a27ef8b6245/resourceGroups/rg-hub-spoke/providers/Microsoft.Network/virtualNetworks/vnet-spoke-westeu-001",
            "location": "westeurope",
            "name": "vnet-spoke-westeu-001",
            "resource_group_name": "rg-hub-spoke",
            "subnet": [
              {
                "address_prefix": "10.20.0.0/25",
                "id": "/subscriptions/08af9d7a-c4a4-4858-827f-2a27ef8b6245/resourceGroups/rg-hub-spoke/providers/Microsoft.Network/virtualNetworks/vnet-spoke-westeu-001/subnets/snet-vm",
                "name": "snet-vm",
                "security_group": "/subscriptions/08af9d7a-c4a4-4858-827f-2a27ef8b6245/resourceGroups/rg-hub-spoke/providers/Microsoft.Network/networkSecurityGroups/vnet-spoke-westeu-001-snet-vm-nsg-westeurope"
              }
            ],
            "tags": {},
            "timeouts": {
              "create": null,
              "delete": null,
              "read": null,
              "update": null
            }
          },
          "sensitive_attributes": [],
          "private": "eyJlMmJmYjczMC1lY2FhLTExZTYtOGY4OC0zNDM2M2JjN2M0YzAiOnsiY3JlYXRlIjoxODAwMDAwMDAwMDAwLCJkZWxldGUiOjE4MDAwMDAwMDAwMDAsInJlYWQiOjMwMDAwMDAwMDAwMCwidXBkYXRlIjoxODAwMDAwMDAwMDAwfSwic2NoZW1hX3ZlcnNpb24iOiIwIn0="
        }
      ]
    },
    {
      "mode": "managed",
      "type": "azurerm_virtual_network_peering",
      "name": "res-49",
      "provider": "provider[\"registry.terraform.io/hashicorp/azurerm\"]",
      "instances": [
        {
          "schema_version": 0,
          "attributes": {
            "allow_forwarded_traffic": true,
            "allow_gateway_transit": false,
            "allow_virtual_network_access": true,
            "id": "/subscriptions/08af9d7a-c4a4-4858-827f-2a27ef8b6245/resourceGroups/rg-hub-spoke/providers/Microsoft.Network/virtualNetworks/vnet-hub-001/virtualNetworkPeerings/spoke-northeu",
            "name": "spoke-northeu",
            "remote_virtual_network_id": "/subscriptions/08af9d7a-c4a4-4858-827f-2a27ef8b6245/resourceGroups/rg-hub-spoke/providers/Microsoft.Network/virtualNetworks/vnet-spoke-northeu-001",
            "resource_group_name": "rg-hub-spoke",
            "timeouts": {
              "create": null,
              "delete": null,
              "read": null,
              "update": null
            },
            "use_remote_gateways": false,
            "virtual_network_name": "vnet-hub-001"
          },
          "sensitive_attributes": [],
          "private": "eyJlMmJmYjczMC1lY2FhLTExZTYtOGY4OC0zNDM2M2JjN2M0YzAiOnsiY3JlYXRlIjoxODAwMDAwMDAwMDAwLCJkZWxldGUiOjE4MDAwMDAwMDAwMDAsInJlYWQiOjMwMDAwMDAwMDAwMCwidXBkYXRlIjoxODAwMDAwMDAwMDAwfSwic2NoZW1hX3ZlcnNpb24iOiIwIn0="
        }
      ]
    },
    {
      "mode": "managed",
      "type": "azurerm_virtual_network_peering",
      "name": "res-50",
      "provider": "provider[\"registry.terraform.io/hashicorp/azurerm\"]",
      "instances": [
        {
          "schema_version": 0,
          "attributes": {
            "allow_forwarded_traffic": true,
            "allow_gateway_transit": false,
            "allow_virtual_network_access": true,
            "id": "/subscriptions/08af9d7a-c4a4-4858-827f-2a27ef8b6245/resourceGroups/rg-hub-spoke/providers/Microsoft.Network/virtualNetworks/vnet-hub-001/virtualNetworkPeerings/spoke-westeu",
            "name": "spoke-westeu",
            "remote_virtual_network_id": "/subscriptions/08af9d7a-c4a4-4858-827f-2a27ef8b6245/resourceGroups/rg-hub-spoke/providers/Microsoft.Network/virtualNetworks/vnet-spoke-westeu-001",
            "resource_group_name": "rg-hub-spoke",
            "timeouts": {
              "create": null,
              "delete": null,
              "read": null,
              "update": null
            },
            "use_remote_gateways": false,
            "virtual_network_name": "vnet-hub-001"
          },
          "sensitive_attributes": [],
          "private": "eyJlMmJmYjczMC1lY2FhLTExZTYtOGY4OC0zNDM2M2JjN2M0YzAiOnsiY3JlYXRlIjoxODAwMDAwMDAwMDAwLCJkZWxldGUiOjE4MDAwMDAwMDAwMDAsInJlYWQiOjMwMDAwMDAwMDAwMCwidXBkYXRlIjoxODAwMDAwMDAwMDAwfSwic2NoZW1hX3ZlcnNpb24iOiIwIn0="
        }
      ]
    },
    {
      "mode": "managed",
      "type": "azurerm_virtual_network_peering",
      "name": "res-54",
      "provider": "provider[\"registry.terraform.io/hashicorp/azurerm\"]",
      "instances": [
        {
          "schema_version": 0,
          "attributes": {
            "allow_forwarded_traffic": true,
            "allow_gateway_transit": false,
            "allow_virtual_network_access": true,
            "id": "/subscriptions/08af9d7a-c4a4-4858-827f-2a27ef8b6245/resourceGroups/rg-hub-spoke/providers/Microsoft.Network/virtualNetworks/vnet-spoke-northeu-001/virtualNetworkPeerings/hub",
            "name": "hub",
            "remote_virtual_network_id": "/subscriptions/08af9d7a-c4a4-4858-827f-2a27ef8b6245/resourceGroups/rg-hub-spoke/providers/Microsoft.Network/virtualNetworks/vnet-hub-001",
            "resource_group_name": "rg-hub-spoke",
            "timeouts": {
              "create": null,
              "delete": null,
              "read": null,
              "update": null
            },
            "use_remote_gateways": false,
            "virtual_network_name": "vnet-spoke-northeu-001"
          },
          "sensitive_attributes": [],
          "private": "eyJlMmJmYjczMC1lY2FhLTExZTYtOGY4OC0zNDM2M2JjN2M0YzAiOnsiY3JlYXRlIjoxODAwMDAwMDAwMDAwLCJkZWxldGUiOjE4MDAwMDAwMDAwMDAsInJlYWQiOjMwMDAwMDAwMDAwMCwidXBkYXRlIjoxODAwMDAwMDAwMDAwfSwic2NoZW1hX3ZlcnNpb24iOiIwIn0="
        }
      ]
    },
    {
      "mode": "managed",
      "type": "azurerm_virtual_network_peering",
      "name": "res-58",
      "provider": "provider[\"registry.terraform.io/hashicorp/azurerm\"]",
      "instances": [
        {
          "schema_version": 0,
          "attributes": {
            "allow_forwarded_traffic": true,
            "allow_gateway_transit": false,
            "allow_virtual_network_access": true,
            "id": "/subscriptions/08af9d7a-c4a4-4858-827f-2a27ef8b6245/resourceGroups/rg-hub-spoke/providers/Microsoft.Network/virtualNetworks/vnet-spoke-westeu-001/virtualNetworkPeerings/hub",
            "name": "hub",
            "remote_virtual_network_id": "/subscriptions/08af9d7a-c4a4-4858-827f-2a27ef8b6245/resourceGroups/rg-hub-spoke/providers/Microsoft.Network/virtualNetworks/vnet-hub-001",
            "resource_group_name": "rg-hub-spoke",
            "timeouts": {
              "create": null,
              "delete": null,
              "read": null,
              "update": null
            },
            "use_remote_gateways": false,
            "virtual_network_name": "vnet-spoke-westeu-001"
          },
          "sensitive_attributes": [],
          "private": "eyJlMmJmYjczMC1lY2FhLTExZTYtOGY4OC0zNDM2M2JjN2M0YzAiOnsiY3JlYXRlIjoxODAwMDAwMDAwMDAwLCJkZWxldGUiOjE4MDAwMDAwMDAwMDAsInJlYWQiOjMwMDAwMDAwMDAwMCwidXBkYXRlIjoxODAwMDAwMDAwMDAwfSwic2NoZW1hX3ZlcnNpb24iOiIwIn0="
        }
      ]
    }
  ],
  "check_results": null
}
